// !$*UTF8*$!
{
	archiveVersion = 1;
	classes = {
	};
	objectVersion = 42;
	objects = {

/* Begin PBXBuildFile section */
		019C3E4B1372BEF900FFBD84 /* tinyxml.cpp in Sources */ = {isa = PBXBuildFile; fileRef = 019C3E441372BEF900FFBD84 /* tinyxml.cpp */; };
		019C3E4C1372BEF900FFBD84 /* tinyxmlerror.cpp in Sources */ = {isa = PBXBuildFile; fileRef = 019C3E461372BEF900FFBD84 /* tinyxmlerror.cpp */; };
		019C3E4D1372BEF900FFBD84 /* tinyxmlparser.cpp in Sources */ = {isa = PBXBuildFile; fileRef = 019C3E471372BEF900FFBD84 /* tinyxmlparser.cpp */; };
		019C3E4E1372BEF900FFBD84 /* ofxXmlSettings.cpp in Sources */ = {isa = PBXBuildFile; fileRef = 019C3E491372BEF900FFBD84 /* ofxXmlSettings.cpp */; };
		019C3E6B1372BEF900FFBD84 /* ofxMSAInteractiveObject.cpp in Sources */ = {isa = PBXBuildFile; fileRef = 019C3E671372BEF900FFBD84 /* ofxMSAInteractiveObject.cpp */; };
		019C3EA11372BEF900FFBD84 /* ofxSimpleGuiButton.cpp in Sources */ = {isa = PBXBuildFile; fileRef = 019C3E7D1372BEF900FFBD84 /* ofxSimpleGuiButton.cpp */; };
		019C3EA21372BEF900FFBD84 /* ofxSimpleGuiColorPicker.cpp in Sources */ = {isa = PBXBuildFile; fileRef = 019C3E7F1372BEF900FFBD84 /* ofxSimpleGuiColorPicker.cpp */; };
		019C3EA31372BEF900FFBD84 /* ofxSimpleGuiComboBox.cpp in Sources */ = {isa = PBXBuildFile; fileRef = 019C3E811372BEF900FFBD84 /* ofxSimpleGuiComboBox.cpp */; };
		019C3EA41372BEF900FFBD84 /* ofxSimpleGuiContent.cpp in Sources */ = {isa = PBXBuildFile; fileRef = 019C3E831372BEF900FFBD84 /* ofxSimpleGuiContent.cpp */; };
		019C3EA51372BEF900FFBD84 /* ofxSimpleGuiFPSCounter.cpp in Sources */ = {isa = PBXBuildFile; fileRef = 019C3E851372BEF900FFBD84 /* ofxSimpleGuiFPSCounter.cpp */; };
		019C3EA61372BEF900FFBD84 /* ofxSimpleGuiMovieSlider.cpp in Sources */ = {isa = PBXBuildFile; fileRef = 019C3E871372BEF900FFBD84 /* ofxSimpleGuiMovieSlider.cpp */; };
		019C3EA71372BEF900FFBD84 /* ofxSimpleGuiQuadWarp.cpp in Sources */ = {isa = PBXBuildFile; fileRef = 019C3E891372BEF900FFBD84 /* ofxSimpleGuiQuadWarp.cpp */; };
		019C3EA81372BEF900FFBD84 /* ofxSimpleGuiSlider2d.cpp in Sources */ = {isa = PBXBuildFile; fileRef = 019C3E8B1372BEF900FFBD84 /* ofxSimpleGuiSlider2d.cpp */; };
		019C3EA91372BEF900FFBD84 /* ofxSimpleGuiTitle.cpp in Sources */ = {isa = PBXBuildFile; fileRef = 019C3E901372BEF900FFBD84 /* ofxSimpleGuiTitle.cpp */; };
		019C3EAA1372BEF900FFBD84 /* ofxSimpleGuiToggle.cpp in Sources */ = {isa = PBXBuildFile; fileRef = 019C3E921372BEF900FFBD84 /* ofxSimpleGuiToggle.cpp */; };
		019C3EAB1372BEF900FFBD84 /* ofxSimpleGuiConfig.cpp in Sources */ = {isa = PBXBuildFile; fileRef = 019C3E941372BEF900FFBD84 /* ofxSimpleGuiConfig.cpp */; };
		019C3EAC1372BEF900FFBD84 /* ofxSimpleGuiControl.cpp in Sources */ = {isa = PBXBuildFile; fileRef = 019C3E961372BEF900FFBD84 /* ofxSimpleGuiControl.cpp */; };
		019C3EAD1372BEF900FFBD84 /* ofxSimpleGuiPage.cpp in Sources */ = {isa = PBXBuildFile; fileRef = 019C3E991372BEF900FFBD84 /* ofxSimpleGuiPage.cpp */; };
		019C3EAE1372BEF900FFBD84 /* ofxSimpleGuiToo.cpp in Sources */ = {isa = PBXBuildFile; fileRef = 019C3E9B1372BEF900FFBD84 /* ofxSimpleGuiToo.cpp */; };
		019C3EAF1372BEF900FFBD84 /* ofxSimpleGuiValueControl.cpp in Sources */ = {isa = PBXBuildFile; fileRef = 019C3E9D1372BEF900FFBD84 /* ofxSimpleGuiValueControl.cpp */; };
		019C3EB91372BEF900FFBD84 /* quad.cpp in Sources */ = {isa = PBXBuildFile; fileRef = 019C3EB71372BEF900FFBD84 /* quad.cpp */; };
		8E76961014389D160004AF62 /* glew.a in Frameworks */ = {isa = PBXBuildFile; fileRef = 8E76960F14389D160004AF62 /* glew.a */; };
		8E76961914389EB10004AF62 /* tess2.a in Frameworks */ = {isa = PBXBuildFile; fileRef = 8E76961814389EB10004AF62 /* tess2.a */; };
		8E76963914389FAA0004AF62 /* cairo-script-interpreter.a in Frameworks */ = {isa = PBXBuildFile; fileRef = 8E76963614389FAA0004AF62 /* cairo-script-interpreter.a */; };
		8E76963A14389FAA0004AF62 /* cairo.a in Frameworks */ = {isa = PBXBuildFile; fileRef = 8E76963714389FAA0004AF62 /* cairo.a */; };
		8E76963B14389FAA0004AF62 /* pixman-1.a in Frameworks */ = {isa = PBXBuildFile; fileRef = 8E76963814389FAA0004AF62 /* pixman-1.a */; };
		8E7696961438A1160004AF62 /* mpeClientTCP.cpp in Sources */ = {isa = PBXBuildFile; fileRef = 8E7696871438A1160004AF62 /* mpeClientTCP.cpp */; };
		8E7696971438A1160004AF62 /* mpeEvents.cpp in Sources */ = {isa = PBXBuildFile; fileRef = 8E7696891438A1160004AF62 /* mpeEvents.cpp */; };
		8E7696981438A1160004AF62 /* mpeServerTCP.cpp in Sources */ = {isa = PBXBuildFile; fileRef = 8E76968B1438A1160004AF62 /* mpeServerTCP.cpp */; };
		8E7696CA1438A1600004AF62 /* ofxTCPClient.cpp in Sources */ = {isa = PBXBuildFile; fileRef = 8E7696C21438A1600004AF62 /* ofxTCPClient.cpp */; };
		8E7696CB1438A1600004AF62 /* ofxTCPManager.cpp in Sources */ = {isa = PBXBuildFile; fileRef = 8E7696C41438A1600004AF62 /* ofxTCPManager.cpp */; };
		8E7696CC1438A1600004AF62 /* ofxTCPServer.cpp in Sources */ = {isa = PBXBuildFile; fileRef = 8E7696C61438A1600004AF62 /* ofxTCPServer.cpp */; };
		8E7696CD1438A1600004AF62 /* ofxUDPManager.cpp in Sources */ = {isa = PBXBuildFile; fileRef = 8E7696C81438A1600004AF62 /* ofxUDPManager.cpp */; };
		8E7696F41438A1B60004AF62 /* osc.a in Frameworks */ = {isa = PBXBuildFile; fileRef = 8E7696E81438A1B60004AF62 /* osc.a */; };
		8E7696F51438A1B60004AF62 /* ofxOscBundle.cpp in Sources */ = {isa = PBXBuildFile; fileRef = 8E7696EC1438A1B60004AF62 /* ofxOscBundle.cpp */; };
		8E7696F61438A1B60004AF62 /* ofxOscMessage.cpp in Sources */ = {isa = PBXBuildFile; fileRef = 8E7696EE1438A1B60004AF62 /* ofxOscMessage.cpp */; };
		8E7696F71438A1B60004AF62 /* ofxOscReceiver.cpp in Sources */ = {isa = PBXBuildFile; fileRef = 8E7696F01438A1B60004AF62 /* ofxOscReceiver.cpp */; };
		8E7696F81438A1B60004AF62 /* ofxOscSender.cpp in Sources */ = {isa = PBXBuildFile; fileRef = 8E7696F21438A1B60004AF62 /* ofxOscSender.cpp */; };
		E45BE2E40E8CC69C009D7055 /* rtAudio.a in Frameworks */ = {isa = PBXBuildFile; fileRef = E45BE2E30E8CC69C009D7055 /* rtAudio.a */; };
		E45BE97B0E8CC7DD009D7055 /* AGL.framework in Frameworks */ = {isa = PBXBuildFile; fileRef = E45BE9710E8CC7DD009D7055 /* AGL.framework */; };
		E45BE97C0E8CC7DD009D7055 /* ApplicationServices.framework in Frameworks */ = {isa = PBXBuildFile; fileRef = E45BE9720E8CC7DD009D7055 /* ApplicationServices.framework */; };
		E45BE97D0E8CC7DD009D7055 /* AudioToolbox.framework in Frameworks */ = {isa = PBXBuildFile; fileRef = E45BE9730E8CC7DD009D7055 /* AudioToolbox.framework */; };
		E45BE97E0E8CC7DD009D7055 /* Carbon.framework in Frameworks */ = {isa = PBXBuildFile; fileRef = E45BE9740E8CC7DD009D7055 /* Carbon.framework */; };
		E45BE97F0E8CC7DD009D7055 /* CoreAudio.framework in Frameworks */ = {isa = PBXBuildFile; fileRef = E45BE9750E8CC7DD009D7055 /* CoreAudio.framework */; };
		E45BE9800E8CC7DD009D7055 /* CoreFoundation.framework in Frameworks */ = {isa = PBXBuildFile; fileRef = E45BE9760E8CC7DD009D7055 /* CoreFoundation.framework */; };
		E45BE9810E8CC7DD009D7055 /* CoreServices.framework in Frameworks */ = {isa = PBXBuildFile; fileRef = E45BE9770E8CC7DD009D7055 /* CoreServices.framework */; };
		E45BE9830E8CC7DD009D7055 /* OpenGL.framework in Frameworks */ = {isa = PBXBuildFile; fileRef = E45BE9790E8CC7DD009D7055 /* OpenGL.framework */; };
		E45BE9840E8CC7DD009D7055 /* QuickTime.framework in Frameworks */ = {isa = PBXBuildFile; fileRef = E45BE97A0E8CC7DD009D7055 /* QuickTime.framework */; };
		E4B69E200A3A1BDC003C02F2 /* main.cpp in Sources */ = {isa = PBXBuildFile; fileRef = E4B69E1D0A3A1BDC003C02F2 /* main.cpp */; };
		E4B69E210A3A1BDC003C02F2 /* testApp.cpp in Sources */ = {isa = PBXBuildFile; fileRef = E4B69E1E0A3A1BDC003C02F2 /* testApp.cpp */; };
		E4C2422B10CC554B004149E2 /* openFrameworksDebug.a in Frameworks */ = {isa = PBXBuildFile; fileRef = E4C2421E10CC549C004149E2 /* openFrameworksDebug.a */; };
		E4C2424710CC5A17004149E2 /* AppKit.framework in Frameworks */ = {isa = PBXBuildFile; fileRef = E4C2424410CC5A17004149E2 /* AppKit.framework */; };
		E4C2424810CC5A17004149E2 /* Cocoa.framework in Frameworks */ = {isa = PBXBuildFile; fileRef = E4C2424510CC5A17004149E2 /* Cocoa.framework */; };
		E4C2424910CC5A17004149E2 /* IOKit.framework in Frameworks */ = {isa = PBXBuildFile; fileRef = E4C2424610CC5A17004149E2 /* IOKit.framework */; };
		E4C2426610CC5A78004149E2 /* GLUT.framework in Frameworks */ = {isa = PBXBuildFile; fileRef = E4C2425F10CC5A78004149E2 /* GLUT.framework */; };
		E4C2426B10CC5AA6004149E2 /* GLUT.framework in CopyFiles */ = {isa = PBXBuildFile; fileRef = E4C2425F10CC5A78004149E2 /* GLUT.framework */; };
		E4C2428010CC5B66004149E2 /* PocoFoundation.a in Frameworks */ = {isa = PBXBuildFile; fileRef = E4C2427B10CC5B66004149E2 /* PocoFoundation.a */; };
		E4C2428110CC5B66004149E2 /* PocoNet.a in Frameworks */ = {isa = PBXBuildFile; fileRef = E4C2427C10CC5B66004149E2 /* PocoNet.a */; };
		E4C2428210CC5B66004149E2 /* PocoUtil.a in Frameworks */ = {isa = PBXBuildFile; fileRef = E4C2427D10CC5B66004149E2 /* PocoUtil.a */; };
		E4C2428310CC5B66004149E2 /* PocoXML.a in Frameworks */ = {isa = PBXBuildFile; fileRef = E4C2427E10CC5B66004149E2 /* PocoXML.a */; };
		E4C2429410CC5C38004149E2 /* freetype.a in Frameworks */ = {isa = PBXBuildFile; fileRef = E4C2429310CC5C38004149E2 /* freetype.a */; };
		E4C242CD10CC650E004149E2 /* libfmodex.dylib in Frameworks */ = {isa = PBXBuildFile; fileRef = E4C242CC10CC650E004149E2 /* libfmodex.dylib */; };
		E4C2443910CC7693004149E2 /* openFrameworks-Info.plist in CopyFiles */ = {isa = PBXBuildFile; fileRef = E4B6FCAD0C3E899E008CF71C /* openFrameworks-Info.plist */; };
		E4C246DA10CCAE22004149E2 /* freeimage.a in Frameworks */ = {isa = PBXBuildFile; fileRef = E4C246D910CCAE22004149E2 /* freeimage.a */; };
/* End PBXBuildFile section */

/* Begin PBXContainerItemProxy section */
		E4C2421D10CC549C004149E2 /* PBXContainerItemProxy */ = {
			isa = PBXContainerItemProxy;
			containerPortal = E4C2421610CC549C004149E2 /* openFrameworksLib.xcodeproj */;
			proxyType = 2;
			remoteGlobalIDString = E4B27C1510CBEB8E00536013;
			remoteInfo = openFrameworks;
		};
		E4C2422710CC54DA004149E2 /* PBXContainerItemProxy */ = {
			isa = PBXContainerItemProxy;
			containerPortal = E4C2421610CC549C004149E2 /* openFrameworksLib.xcodeproj */;
			proxyType = 1;
			remoteGlobalIDString = E4B27C1410CBEB8E00536013;
			remoteInfo = openFrameworks;
		};
/* End PBXContainerItemProxy section */

/* Begin PBXCopyFilesBuildPhase section */
		E4C2427710CC5ABF004149E2 /* CopyFiles */ = {
			isa = PBXCopyFilesBuildPhase;
			buildActionMask = 2147483647;
			dstPath = "";
			dstSubfolderSpec = 10;
			files = (
				E4C2426B10CC5AA6004149E2 /* GLUT.framework in CopyFiles */,
			);
			runOnlyForDeploymentPostprocessing = 0;
		};
		E4C2444710CC769B004149E2 /* CopyFiles */ = {
			isa = PBXCopyFilesBuildPhase;
			buildActionMask = 2147483647;
			dstPath = "";
			dstSubfolderSpec = 7;
			files = (
				E4C2443910CC7693004149E2 /* openFrameworks-Info.plist in CopyFiles */,
			);
			runOnlyForDeploymentPostprocessing = 0;
		};
/* End PBXCopyFilesBuildPhase section */

/* Begin PBXFileReference section */
		019C3E421372BEF900FFBD84 /* install.xml */ = {isa = PBXFileReference; fileEncoding = 4; lastKnownFileType = text.xml; path = install.xml; sourceTree = "<group>"; };
		019C3E441372BEF900FFBD84 /* tinyxml.cpp */ = {isa = PBXFileReference; fileEncoding = 4; lastKnownFileType = sourcecode.cpp.cpp; path = tinyxml.cpp; sourceTree = "<group>"; };
		019C3E451372BEF900FFBD84 /* tinyxml.h */ = {isa = PBXFileReference; fileEncoding = 4; lastKnownFileType = sourcecode.c.h; path = tinyxml.h; sourceTree = "<group>"; };
		019C3E461372BEF900FFBD84 /* tinyxmlerror.cpp */ = {isa = PBXFileReference; fileEncoding = 4; lastKnownFileType = sourcecode.cpp.cpp; path = tinyxmlerror.cpp; sourceTree = "<group>"; };
		019C3E471372BEF900FFBD84 /* tinyxmlparser.cpp */ = {isa = PBXFileReference; fileEncoding = 4; lastKnownFileType = sourcecode.cpp.cpp; path = tinyxmlparser.cpp; sourceTree = "<group>"; };
		019C3E491372BEF900FFBD84 /* ofxXmlSettings.cpp */ = {isa = PBXFileReference; fileEncoding = 4; lastKnownFileType = sourcecode.cpp.cpp; path = ofxXmlSettings.cpp; sourceTree = "<group>"; };
		019C3E4A1372BEF900FFBD84 /* ofxXmlSettings.h */ = {isa = PBXFileReference; fileEncoding = 4; lastKnownFileType = sourcecode.c.h; path = ofxXmlSettings.h; sourceTree = "<group>"; };
		019C3E5B1372BEF900FFBD84 /* changelog.txt */ = {isa = PBXFileReference; fileEncoding = 4; lastKnownFileType = text; path = changelog.txt; sourceTree = "<group>"; };
		019C3E641372BEF900FFBD84 /* install.xml */ = {isa = PBXFileReference; fileEncoding = 4; lastKnownFileType = text.xml; path = install.xml; sourceTree = "<group>"; };
		019C3E651372BEF900FFBD84 /* LICENSE.txt */ = {isa = PBXFileReference; fileEncoding = 4; lastKnownFileType = text; path = LICENSE.txt; sourceTree = "<group>"; };
		019C3E671372BEF900FFBD84 /* ofxMSAInteractiveObject.cpp */ = {isa = PBXFileReference; fileEncoding = 4; lastKnownFileType = sourcecode.cpp.cpp; path = ofxMSAInteractiveObject.cpp; sourceTree = "<group>"; };
		019C3E681372BEF900FFBD84 /* ofxMSAInteractiveObject.h */ = {isa = PBXFileReference; fileEncoding = 4; lastKnownFileType = sourcecode.c.h; path = ofxMSAInteractiveObject.h; sourceTree = "<group>"; };
		019C3E711372BEF900FFBD84 /* changelog.txt */ = {isa = PBXFileReference; fileEncoding = 4; lastKnownFileType = text; path = changelog.txt; sourceTree = "<group>"; };
		019C3E791372BEF900FFBD84 /* install.xml */ = {isa = PBXFileReference; fileEncoding = 4; lastKnownFileType = text.xml; path = install.xml; sourceTree = "<group>"; };
		019C3E7A1372BEF900FFBD84 /* LICENSE.txt */ = {isa = PBXFileReference; fileEncoding = 4; lastKnownFileType = text; path = LICENSE.txt; sourceTree = "<group>"; };
		019C3E7D1372BEF900FFBD84 /* ofxSimpleGuiButton.cpp */ = {isa = PBXFileReference; fileEncoding = 4; lastKnownFileType = sourcecode.cpp.cpp; path = ofxSimpleGuiButton.cpp; sourceTree = "<group>"; };
		019C3E7E1372BEF900FFBD84 /* ofxSimpleGuiButton.h */ = {isa = PBXFileReference; fileEncoding = 4; lastKnownFileType = sourcecode.c.h; path = ofxSimpleGuiButton.h; sourceTree = "<group>"; };
		019C3E7F1372BEF900FFBD84 /* ofxSimpleGuiColorPicker.cpp */ = {isa = PBXFileReference; fileEncoding = 4; lastKnownFileType = sourcecode.cpp.cpp; path = ofxSimpleGuiColorPicker.cpp; sourceTree = "<group>"; };
		019C3E801372BEF900FFBD84 /* ofxSimpleGuiColorPicker.h */ = {isa = PBXFileReference; fileEncoding = 4; lastKnownFileType = sourcecode.c.h; path = ofxSimpleGuiColorPicker.h; sourceTree = "<group>"; };
		019C3E811372BEF900FFBD84 /* ofxSimpleGuiComboBox.cpp */ = {isa = PBXFileReference; fileEncoding = 4; lastKnownFileType = sourcecode.cpp.cpp; path = ofxSimpleGuiComboBox.cpp; sourceTree = "<group>"; };
		019C3E821372BEF900FFBD84 /* ofxSimpleGuiComboBox.h */ = {isa = PBXFileReference; fileEncoding = 4; lastKnownFileType = sourcecode.c.h; path = ofxSimpleGuiComboBox.h; sourceTree = "<group>"; };
		019C3E831372BEF900FFBD84 /* ofxSimpleGuiContent.cpp */ = {isa = PBXFileReference; fileEncoding = 4; lastKnownFileType = sourcecode.cpp.cpp; path = ofxSimpleGuiContent.cpp; sourceTree = "<group>"; };
		019C3E841372BEF900FFBD84 /* ofxSimpleGuiContent.h */ = {isa = PBXFileReference; fileEncoding = 4; lastKnownFileType = sourcecode.c.h; path = ofxSimpleGuiContent.h; sourceTree = "<group>"; };
		019C3E851372BEF900FFBD84 /* ofxSimpleGuiFPSCounter.cpp */ = {isa = PBXFileReference; fileEncoding = 4; lastKnownFileType = sourcecode.cpp.cpp; path = ofxSimpleGuiFPSCounter.cpp; sourceTree = "<group>"; };
		019C3E861372BEF900FFBD84 /* ofxSimpleGuiFPSCounter.h */ = {isa = PBXFileReference; fileEncoding = 4; lastKnownFileType = sourcecode.c.h; path = ofxSimpleGuiFPSCounter.h; sourceTree = "<group>"; };
		019C3E871372BEF900FFBD84 /* ofxSimpleGuiMovieSlider.cpp */ = {isa = PBXFileReference; fileEncoding = 4; lastKnownFileType = sourcecode.cpp.cpp; path = ofxSimpleGuiMovieSlider.cpp; sourceTree = "<group>"; };
		019C3E881372BEF900FFBD84 /* ofxSimpleGuiMovieSlider.h */ = {isa = PBXFileReference; fileEncoding = 4; lastKnownFileType = sourcecode.c.h; path = ofxSimpleGuiMovieSlider.h; sourceTree = "<group>"; };
		019C3E891372BEF900FFBD84 /* ofxSimpleGuiQuadWarp.cpp */ = {isa = PBXFileReference; fileEncoding = 4; lastKnownFileType = sourcecode.cpp.cpp; path = ofxSimpleGuiQuadWarp.cpp; sourceTree = "<group>"; };
		019C3E8A1372BEF900FFBD84 /* ofxSimpleGuiQuadWarp.h */ = {isa = PBXFileReference; fileEncoding = 4; lastKnownFileType = sourcecode.c.h; path = ofxSimpleGuiQuadWarp.h; sourceTree = "<group>"; };
		019C3E8B1372BEF900FFBD84 /* ofxSimpleGuiSlider2d.cpp */ = {isa = PBXFileReference; fileEncoding = 4; lastKnownFileType = sourcecode.cpp.cpp; path = ofxSimpleGuiSlider2d.cpp; sourceTree = "<group>"; };
		019C3E8C1372BEF900FFBD84 /* ofxSimpleGuiSlider2d.h */ = {isa = PBXFileReference; fileEncoding = 4; lastKnownFileType = sourcecode.c.h; path = ofxSimpleGuiSlider2d.h; sourceTree = "<group>"; };
		019C3E8D1372BEF900FFBD84 /* ofxSimpleGuiSliderBase.h */ = {isa = PBXFileReference; fileEncoding = 4; lastKnownFileType = sourcecode.c.h; path = ofxSimpleGuiSliderBase.h; sourceTree = "<group>"; };
		019C3E8E1372BEF900FFBD84 /* ofxSimpleGuiSliderFloat.h */ = {isa = PBXFileReference; fileEncoding = 4; lastKnownFileType = sourcecode.c.h; path = ofxSimpleGuiSliderFloat.h; sourceTree = "<group>"; };
		019C3E8F1372BEF900FFBD84 /* ofxSimpleGuiSliderInt.h */ = {isa = PBXFileReference; fileEncoding = 4; lastKnownFileType = sourcecode.c.h; path = ofxSimpleGuiSliderInt.h; sourceTree = "<group>"; };
		019C3E901372BEF900FFBD84 /* ofxSimpleGuiTitle.cpp */ = {isa = PBXFileReference; fileEncoding = 4; lastKnownFileType = sourcecode.cpp.cpp; path = ofxSimpleGuiTitle.cpp; sourceTree = "<group>"; };
		019C3E911372BEF900FFBD84 /* ofxSimpleGuiTitle.h */ = {isa = PBXFileReference; fileEncoding = 4; lastKnownFileType = sourcecode.c.h; path = ofxSimpleGuiTitle.h; sourceTree = "<group>"; };
		019C3E921372BEF900FFBD84 /* ofxSimpleGuiToggle.cpp */ = {isa = PBXFileReference; fileEncoding = 4; lastKnownFileType = sourcecode.cpp.cpp; path = ofxSimpleGuiToggle.cpp; sourceTree = "<group>"; };
		019C3E931372BEF900FFBD84 /* ofxSimpleGuiToggle.h */ = {isa = PBXFileReference; fileEncoding = 4; lastKnownFileType = sourcecode.c.h; path = ofxSimpleGuiToggle.h; sourceTree = "<group>"; };
		019C3E941372BEF900FFBD84 /* ofxSimpleGuiConfig.cpp */ = {isa = PBXFileReference; fileEncoding = 4; lastKnownFileType = sourcecode.cpp.cpp; path = ofxSimpleGuiConfig.cpp; sourceTree = "<group>"; };
		019C3E951372BEF900FFBD84 /* ofxSimpleGuiConfig.h */ = {isa = PBXFileReference; fileEncoding = 4; lastKnownFileType = sourcecode.c.h; path = ofxSimpleGuiConfig.h; sourceTree = "<group>"; };
		019C3E961372BEF900FFBD84 /* ofxSimpleGuiControl.cpp */ = {isa = PBXFileReference; fileEncoding = 4; lastKnownFileType = sourcecode.cpp.cpp; path = ofxSimpleGuiControl.cpp; sourceTree = "<group>"; };
		019C3E971372BEF900FFBD84 /* ofxSimpleGuiControl.h */ = {isa = PBXFileReference; fileEncoding = 4; lastKnownFileType = sourcecode.c.h; path = ofxSimpleGuiControl.h; sourceTree = "<group>"; };
		019C3E981372BEF900FFBD84 /* ofxSimpleGuiIncludes.h */ = {isa = PBXFileReference; fileEncoding = 4; lastKnownFileType = sourcecode.c.h; path = ofxSimpleGuiIncludes.h; sourceTree = "<group>"; };
		019C3E991372BEF900FFBD84 /* ofxSimpleGuiPage.cpp */ = {isa = PBXFileReference; fileEncoding = 4; lastKnownFileType = sourcecode.cpp.cpp; path = ofxSimpleGuiPage.cpp; sourceTree = "<group>"; };
		019C3E9A1372BEF900FFBD84 /* ofxSimpleGuiPage.h */ = {isa = PBXFileReference; fileEncoding = 4; lastKnownFileType = sourcecode.c.h; path = ofxSimpleGuiPage.h; sourceTree = "<group>"; };
		019C3E9B1372BEF900FFBD84 /* ofxSimpleGuiToo.cpp */ = {isa = PBXFileReference; fileEncoding = 4; lastKnownFileType = sourcecode.cpp.cpp; path = ofxSimpleGuiToo.cpp; sourceTree = "<group>"; };
		019C3E9C1372BEF900FFBD84 /* ofxSimpleGuiToo.h */ = {isa = PBXFileReference; fileEncoding = 4; lastKnownFileType = sourcecode.c.h; path = ofxSimpleGuiToo.h; sourceTree = "<group>"; };
		019C3E9D1372BEF900FFBD84 /* ofxSimpleGuiValueControl.cpp */ = {isa = PBXFileReference; fileEncoding = 4; lastKnownFileType = sourcecode.cpp.cpp; path = ofxSimpleGuiValueControl.cpp; sourceTree = "<group>"; };
		019C3E9E1372BEF900FFBD84 /* ofxSimpleGuiValueControl.h */ = {isa = PBXFileReference; fileEncoding = 4; lastKnownFileType = sourcecode.c.h; path = ofxSimpleGuiValueControl.h; sourceTree = "<group>"; };
		019C3EB61372BEF900FFBD84 /* ball.h */ = {isa = PBXFileReference; fileEncoding = 4; lastKnownFileType = sourcecode.c.h; path = ball.h; sourceTree = "<group>"; };
		019C3EB71372BEF900FFBD84 /* quad.cpp */ = {isa = PBXFileReference; fileEncoding = 4; lastKnownFileType = sourcecode.cpp.cpp; path = quad.cpp; sourceTree = "<group>"; };
		019C3EB81372BEF900FFBD84 /* quad.h */ = {isa = PBXFileReference; fileEncoding = 4; lastKnownFileType = sourcecode.c.h; path = quad.h; sourceTree = "<group>"; };
		8E76960A14389D160004AF62 /* glew.h */ = {isa = PBXFileReference; fileEncoding = 4; lastKnownFileType = sourcecode.c.h; path = glew.h; sourceTree = "<group>"; };
		8E76960B14389D160004AF62 /* glxew.h */ = {isa = PBXFileReference; fileEncoding = 4; lastKnownFileType = sourcecode.c.h; path = glxew.h; sourceTree = "<group>"; };
		8E76960C14389D160004AF62 /* wglew.h */ = {isa = PBXFileReference; fileEncoding = 4; lastKnownFileType = sourcecode.c.h; path = wglew.h; sourceTree = "<group>"; };
		8E76960F14389D160004AF62 /* glew.a */ = {isa = PBXFileReference; lastKnownFileType = archive.ar; path = glew.a; sourceTree = "<group>"; };
		8E76961514389EB10004AF62 /* tesselator.h */ = {isa = PBXFileReference; fileEncoding = 4; lastKnownFileType = sourcecode.c.h; path = tesselator.h; sourceTree = "<group>"; };
		8E76961814389EB10004AF62 /* tess2.a */ = {isa = PBXFileReference; lastKnownFileType = archive.ar; path = tess2.a; sourceTree = "<group>"; };
		8E76962114389FA90004AF62 /* cairo-deprecated.h */ = {isa = PBXFileReference; fileEncoding = 4; lastKnownFileType = sourcecode.c.h; path = "cairo-deprecated.h"; sourceTree = "<group>"; };
		8E76962214389FA90004AF62 /* cairo-features.h */ = {isa = PBXFileReference; fileEncoding = 4; lastKnownFileType = sourcecode.c.h; path = "cairo-features.h"; sourceTree = "<group>"; };
		8E76962314389FA90004AF62 /* cairo-pdf.h */ = {isa = PBXFileReference; fileEncoding = 4; lastKnownFileType = sourcecode.c.h; path = "cairo-pdf.h"; sourceTree = "<group>"; };
		8E76962414389FAA0004AF62 /* cairo-ps.h */ = {isa = PBXFileReference; fileEncoding = 4; lastKnownFileType = sourcecode.c.h; path = "cairo-ps.h"; sourceTree = "<group>"; };
		8E76962514389FAA0004AF62 /* cairo-quartz.h */ = {isa = PBXFileReference; fileEncoding = 4; lastKnownFileType = sourcecode.c.h; path = "cairo-quartz.h"; sourceTree = "<group>"; };
		8E76962614389FAA0004AF62 /* cairo-script-interpreter.h */ = {isa = PBXFileReference; fileEncoding = 4; lastKnownFileType = sourcecode.c.h; path = "cairo-script-interpreter.h"; sourceTree = "<group>"; };
		8E76962714389FAA0004AF62 /* cairo-svg.h */ = {isa = PBXFileReference; fileEncoding = 4; lastKnownFileType = sourcecode.c.h; path = "cairo-svg.h"; sourceTree = "<group>"; };
		8E76962814389FAA0004AF62 /* cairo-version.h */ = {isa = PBXFileReference; fileEncoding = 4; lastKnownFileType = sourcecode.c.h; path = "cairo-version.h"; sourceTree = "<group>"; };
		8E76962914389FAA0004AF62 /* cairo.h */ = {isa = PBXFileReference; fileEncoding = 4; lastKnownFileType = sourcecode.c.h; path = cairo.h; sourceTree = "<group>"; };
		8E76962B14389FAA0004AF62 /* png.h */ = {isa = PBXFileReference; fileEncoding = 4; lastKnownFileType = sourcecode.c.h; path = png.h; sourceTree = "<group>"; };
		8E76962C14389FAA0004AF62 /* pngconf.h */ = {isa = PBXFileReference; fileEncoding = 4; lastKnownFileType = sourcecode.c.h; path = pngconf.h; sourceTree = "<group>"; };
		8E76962D14389FAA0004AF62 /* pnglibconf.h */ = {isa = PBXFileReference; fileEncoding = 4; lastKnownFileType = sourcecode.c.h; path = pnglibconf.h; sourceTree = "<group>"; };
		8E76962F14389FAA0004AF62 /* pixman-version.h */ = {isa = PBXFileReference; fileEncoding = 4; lastKnownFileType = sourcecode.c.h; path = "pixman-version.h"; sourceTree = "<group>"; };
		8E76963014389FAA0004AF62 /* pixman.h */ = {isa = PBXFileReference; fileEncoding = 4; lastKnownFileType = sourcecode.c.h; path = pixman.h; sourceTree = "<group>"; };
		8E76963114389FAA0004AF62 /* png.h */ = {isa = PBXFileReference; fileEncoding = 4; lastKnownFileType = sourcecode.c.h; path = png.h; sourceTree = "<group>"; };
		8E76963214389FAA0004AF62 /* pngconf.h */ = {isa = PBXFileReference; fileEncoding = 4; lastKnownFileType = sourcecode.c.h; path = pngconf.h; sourceTree = "<group>"; };
		8E76963314389FAA0004AF62 /* pnglibconf.h */ = {isa = PBXFileReference; fileEncoding = 4; lastKnownFileType = sourcecode.c.h; path = pnglibconf.h; sourceTree = "<group>"; };
		8E76963614389FAA0004AF62 /* cairo-script-interpreter.a */ = {isa = PBXFileReference; lastKnownFileType = archive.ar; path = "cairo-script-interpreter.a"; sourceTree = "<group>"; };
		8E76963714389FAA0004AF62 /* cairo.a */ = {isa = PBXFileReference; lastKnownFileType = archive.ar; path = cairo.a; sourceTree = "<group>"; };
		8E76963814389FAA0004AF62 /* pixman-1.a */ = {isa = PBXFileReference; lastKnownFileType = archive.ar; path = "pixman-1.a"; sourceTree = "<group>"; };
		8E7696871438A1160004AF62 /* mpeClientTCP.cpp */ = {isa = PBXFileReference; fileEncoding = 4; lastKnownFileType = sourcecode.cpp.cpp; path = mpeClientTCP.cpp; sourceTree = "<group>"; };
		8E7696881438A1160004AF62 /* mpeClientTCP.h */ = {isa = PBXFileReference; fileEncoding = 4; lastKnownFileType = sourcecode.c.h; path = mpeClientTCP.h; sourceTree = "<group>"; };
		8E7696891438A1160004AF62 /* mpeEvents.cpp */ = {isa = PBXFileReference; fileEncoding = 4; lastKnownFileType = sourcecode.cpp.cpp; path = mpeEvents.cpp; sourceTree = "<group>"; };
		8E76968A1438A1160004AF62 /* mpeEvents.h */ = {isa = PBXFileReference; fileEncoding = 4; lastKnownFileType = sourcecode.c.h; path = mpeEvents.h; sourceTree = "<group>"; };
		8E76968B1438A1160004AF62 /* mpeServerTCP.cpp */ = {isa = PBXFileReference; fileEncoding = 4; lastKnownFileType = sourcecode.cpp.cpp; path = mpeServerTCP.cpp; sourceTree = "<group>"; };
		8E76968C1438A1160004AF62 /* mpeServerTCP.h */ = {isa = PBXFileReference; fileEncoding = 4; lastKnownFileType = sourcecode.c.h; path = mpeServerTCP.h; sourceTree = "<group>"; };
		8E76968D1438A1160004AF62 /* ofxMostPixelsEver.h */ = {isa = PBXFileReference; fileEncoding = 4; lastKnownFileType = sourcecode.c.h; path = ofxMostPixelsEver.h; sourceTree = "<group>"; };
		8E7696BD1438A1600004AF62 /* Instructions.txt */ = {isa = PBXFileReference; fileEncoding = 4; lastKnownFileType = text; path = Instructions.txt; sourceTree = "<group>"; };
		8E7696BE1438A1600004AF62 /* install.xml */ = {isa = PBXFileReference; fileEncoding = 4; lastKnownFileType = text.xml; path = install.xml; sourceTree = "<group>"; };
		8E7696C01438A1600004AF62 /* ofxNetwork.h */ = {isa = PBXFileReference; fileEncoding = 4; lastKnownFileType = sourcecode.c.h; path = ofxNetwork.h; sourceTree = "<group>"; };
		8E7696C11438A1600004AF62 /* ofxNetworkUtils.h */ = {isa = PBXFileReference; fileEncoding = 4; lastKnownFileType = sourcecode.c.h; path = ofxNetworkUtils.h; sourceTree = "<group>"; };
		8E7696C21438A1600004AF62 /* ofxTCPClient.cpp */ = {isa = PBXFileReference; fileEncoding = 4; lastKnownFileType = sourcecode.cpp.cpp; path = ofxTCPClient.cpp; sourceTree = "<group>"; };
		8E7696C31438A1600004AF62 /* ofxTCPClient.h */ = {isa = PBXFileReference; fileEncoding = 4; lastKnownFileType = sourcecode.c.h; path = ofxTCPClient.h; sourceTree = "<group>"; };
		8E7696C41438A1600004AF62 /* ofxTCPManager.cpp */ = {isa = PBXFileReference; fileEncoding = 4; lastKnownFileType = sourcecode.cpp.cpp; path = ofxTCPManager.cpp; sourceTree = "<group>"; };
		8E7696C51438A1600004AF62 /* ofxTCPManager.h */ = {isa = PBXFileReference; fileEncoding = 4; lastKnownFileType = sourcecode.c.h; path = ofxTCPManager.h; sourceTree = "<group>"; };
		8E7696C61438A1600004AF62 /* ofxTCPServer.cpp */ = {isa = PBXFileReference; fileEncoding = 4; lastKnownFileType = sourcecode.cpp.cpp; path = ofxTCPServer.cpp; sourceTree = "<group>"; };
		8E7696C71438A1600004AF62 /* ofxTCPServer.h */ = {isa = PBXFileReference; fileEncoding = 4; lastKnownFileType = sourcecode.c.h; path = ofxTCPServer.h; sourceTree = "<group>"; };
		8E7696C81438A1600004AF62 /* ofxUDPManager.cpp */ = {isa = PBXFileReference; fileEncoding = 4; lastKnownFileType = sourcecode.cpp.cpp; path = ofxUDPManager.cpp; sourceTree = "<group>"; };
		8E7696C91438A1600004AF62 /* ofxUDPManager.h */ = {isa = PBXFileReference; fileEncoding = 4; lastKnownFileType = sourcecode.c.h; path = ofxUDPManager.h; sourceTree = "<group>"; };
		8E7696D31438A1B60004AF62 /* install.xml */ = {isa = PBXFileReference; fileEncoding = 4; lastKnownFileType = text.xml; path = install.xml; sourceTree = "<group>"; };
		8E7696D81438A1B60004AF62 /* IpEndpointName.h */ = {isa = PBXFileReference; fileEncoding = 4; lastKnownFileType = sourcecode.c.h; path = IpEndpointName.h; sourceTree = "<group>"; };
		8E7696D91438A1B60004AF62 /* NetworkingUtils.h */ = {isa = PBXFileReference; fileEncoding = 4; lastKnownFileType = sourcecode.c.h; path = NetworkingUtils.h; sourceTree = "<group>"; };
		8E7696DA1438A1B60004AF62 /* PacketListener.h */ = {isa = PBXFileReference; fileEncoding = 4; lastKnownFileType = sourcecode.c.h; path = PacketListener.h; sourceTree = "<group>"; };
		8E7696DB1438A1B60004AF62 /* TimerListener.h */ = {isa = PBXFileReference; fileEncoding = 4; lastKnownFileType = sourcecode.c.h; path = TimerListener.h; sourceTree = "<group>"; };
		8E7696DC1438A1B60004AF62 /* UdpSocket.h */ = {isa = PBXFileReference; fileEncoding = 4; lastKnownFileType = sourcecode.c.h; path = UdpSocket.h; sourceTree = "<group>"; };
		8E7696DE1438A1B60004AF62 /* MessageMappingOscPacketListener.h */ = {isa = PBXFileReference; fileEncoding = 4; lastKnownFileType = sourcecode.c.h; path = MessageMappingOscPacketListener.h; sourceTree = "<group>"; };
		8E7696DF1438A1B60004AF62 /* OscException.h */ = {isa = PBXFileReference; fileEncoding = 4; lastKnownFileType = sourcecode.c.h; path = OscException.h; sourceTree = "<group>"; };
		8E7696E01438A1B60004AF62 /* OscHostEndianness.h */ = {isa = PBXFileReference; fileEncoding = 4; lastKnownFileType = sourcecode.c.h; path = OscHostEndianness.h; sourceTree = "<group>"; };
		8E7696E11438A1B60004AF62 /* OscOutboundPacketStream.h */ = {isa = PBXFileReference; fileEncoding = 4; lastKnownFileType = sourcecode.c.h; path = OscOutboundPacketStream.h; sourceTree = "<group>"; };
		8E7696E21438A1B60004AF62 /* OscPacketListener.h */ = {isa = PBXFileReference; fileEncoding = 4; lastKnownFileType = sourcecode.c.h; path = OscPacketListener.h; sourceTree = "<group>"; };
		8E7696E31438A1B60004AF62 /* OscPrintReceivedElements.h */ = {isa = PBXFileReference; fileEncoding = 4; lastKnownFileType = sourcecode.c.h; path = OscPrintReceivedElements.h; sourceTree = "<group>"; };
		8E7696E41438A1B60004AF62 /* OscReceivedElements.h */ = {isa = PBXFileReference; fileEncoding = 4; lastKnownFileType = sourcecode.c.h; path = OscReceivedElements.h; sourceTree = "<group>"; };
		8E7696E51438A1B60004AF62 /* OscTypes.h */ = {isa = PBXFileReference; fileEncoding = 4; lastKnownFileType = sourcecode.c.h; path = OscTypes.h; sourceTree = "<group>"; };
		8E7696E81438A1B60004AF62 /* osc.a */ = {isa = PBXFileReference; lastKnownFileType = archive.ar; path = osc.a; sourceTree = "<group>"; };
		8E7696EA1438A1B60004AF62 /* ofxOsc.h */ = {isa = PBXFileReference; fileEncoding = 4; lastKnownFileType = sourcecode.c.h; path = ofxOsc.h; sourceTree = "<group>"; };
		8E7696EB1438A1B60004AF62 /* ofxOscArg.h */ = {isa = PBXFileReference; fileEncoding = 4; lastKnownFileType = sourcecode.c.h; path = ofxOscArg.h; sourceTree = "<group>"; };
		8E7696EC1438A1B60004AF62 /* ofxOscBundle.cpp */ = {isa = PBXFileReference; fileEncoding = 4; lastKnownFileType = sourcecode.cpp.cpp; path = ofxOscBundle.cpp; sourceTree = "<group>"; };
		8E7696ED1438A1B60004AF62 /* ofxOscBundle.h */ = {isa = PBXFileReference; fileEncoding = 4; lastKnownFileType = sourcecode.c.h; path = ofxOscBundle.h; sourceTree = "<group>"; };
		8E7696EE1438A1B60004AF62 /* ofxOscMessage.cpp */ = {isa = PBXFileReference; fileEncoding = 4; lastKnownFileType = sourcecode.cpp.cpp; path = ofxOscMessage.cpp; sourceTree = "<group>"; };
		8E7696EF1438A1B60004AF62 /* ofxOscMessage.h */ = {isa = PBXFileReference; fileEncoding = 4; lastKnownFileType = sourcecode.c.h; path = ofxOscMessage.h; sourceTree = "<group>"; };
		8E7696F01438A1B60004AF62 /* ofxOscReceiver.cpp */ = {isa = PBXFileReference; fileEncoding = 4; lastKnownFileType = sourcecode.cpp.cpp; path = ofxOscReceiver.cpp; sourceTree = "<group>"; };
		8E7696F11438A1B60004AF62 /* ofxOscReceiver.h */ = {isa = PBXFileReference; fileEncoding = 4; lastKnownFileType = sourcecode.c.h; path = ofxOscReceiver.h; sourceTree = "<group>"; };
		8E7696F21438A1B60004AF62 /* ofxOscSender.cpp */ = {isa = PBXFileReference; fileEncoding = 4; lastKnownFileType = sourcecode.cpp.cpp; path = ofxOscSender.cpp; sourceTree = "<group>"; };
		8E7696F31438A1B60004AF62 /* ofxOscSender.h */ = {isa = PBXFileReference; fileEncoding = 4; lastKnownFileType = sourcecode.c.h; path = ofxOscSender.h; sourceTree = "<group>"; };
		E45BE0390E8CC647009D7055 /* FreeImage.h */ = {isa = PBXFileReference; fileEncoding = 4; lastKnownFileType = sourcecode.c.h; name = FreeImage.h; path = ../../../libs/freeimage/include/FreeImage.h; sourceTree = SOURCE_ROOT; };
		E45BE03F0E8CC650009D7055 /* fmod.h */ = {isa = PBXFileReference; fileEncoding = 4; lastKnownFileType = sourcecode.c.h; name = fmod.h; path = ../../../libs/fmodex/include/fmod.h; sourceTree = SOURCE_ROOT; };
		E45BE0400E8CC650009D7055 /* fmod.hpp */ = {isa = PBXFileReference; fileEncoding = 4; lastKnownFileType = sourcecode.cpp.h; name = fmod.hpp; path = ../../../libs/fmodex/include/fmod.hpp; sourceTree = SOURCE_ROOT; };
		E45BE0410E8CC650009D7055 /* fmod_codec.h */ = {isa = PBXFileReference; fileEncoding = 4; lastKnownFileType = sourcecode.c.h; name = fmod_codec.h; path = ../../../libs/fmodex/include/fmod_codec.h; sourceTree = SOURCE_ROOT; };
		E45BE0420E8CC650009D7055 /* fmod_dsp.h */ = {isa = PBXFileReference; fileEncoding = 4; lastKnownFileType = sourcecode.c.h; name = fmod_dsp.h; path = ../../../libs/fmodex/include/fmod_dsp.h; sourceTree = SOURCE_ROOT; };
		E45BE0430E8CC650009D7055 /* fmod_errors.h */ = {isa = PBXFileReference; fileEncoding = 4; lastKnownFileType = sourcecode.c.h; name = fmod_errors.h; path = ../../../libs/fmodex/include/fmod_errors.h; sourceTree = SOURCE_ROOT; };
		E45BE0440E8CC650009D7055 /* fmod_output.h */ = {isa = PBXFileReference; fileEncoding = 4; lastKnownFileType = sourcecode.c.h; name = fmod_output.h; path = ../../../libs/fmodex/include/fmod_output.h; sourceTree = SOURCE_ROOT; };
		E45BE2E00E8CC69C009D7055 /* RtAudio.h */ = {isa = PBXFileReference; fileEncoding = 4; lastKnownFileType = sourcecode.c.h; name = RtAudio.h; path = ../../../libs/rtAudio/include/RtAudio.h; sourceTree = SOURCE_ROOT; };
		E45BE2E10E8CC69C009D7055 /* RtError.h */ = {isa = PBXFileReference; fileEncoding = 4; lastKnownFileType = sourcecode.c.h; name = RtError.h; path = ../../../libs/rtAudio/include/RtError.h; sourceTree = SOURCE_ROOT; };
		E45BE2E30E8CC69C009D7055 /* rtAudio.a */ = {isa = PBXFileReference; lastKnownFileType = archive.ar; name = rtAudio.a; path = ../../../libs/rtAudio/lib/osx/rtAudio.a; sourceTree = SOURCE_ROOT; };
		E45BE9710E8CC7DD009D7055 /* AGL.framework */ = {isa = PBXFileReference; lastKnownFileType = wrapper.framework; name = AGL.framework; path = /System/Library/Frameworks/AGL.framework; sourceTree = "<absolute>"; };
		E45BE9720E8CC7DD009D7055 /* ApplicationServices.framework */ = {isa = PBXFileReference; lastKnownFileType = wrapper.framework; name = ApplicationServices.framework; path = /System/Library/Frameworks/ApplicationServices.framework; sourceTree = "<absolute>"; };
		E45BE9730E8CC7DD009D7055 /* AudioToolbox.framework */ = {isa = PBXFileReference; lastKnownFileType = wrapper.framework; name = AudioToolbox.framework; path = /System/Library/Frameworks/AudioToolbox.framework; sourceTree = "<absolute>"; };
		E45BE9740E8CC7DD009D7055 /* Carbon.framework */ = {isa = PBXFileReference; lastKnownFileType = wrapper.framework; name = Carbon.framework; path = /System/Library/Frameworks/Carbon.framework; sourceTree = "<absolute>"; };
		E45BE9750E8CC7DD009D7055 /* CoreAudio.framework */ = {isa = PBXFileReference; lastKnownFileType = wrapper.framework; name = CoreAudio.framework; path = /System/Library/Frameworks/CoreAudio.framework; sourceTree = "<absolute>"; };
		E45BE9760E8CC7DD009D7055 /* CoreFoundation.framework */ = {isa = PBXFileReference; lastKnownFileType = wrapper.framework; name = CoreFoundation.framework; path = /System/Library/Frameworks/CoreFoundation.framework; sourceTree = "<absolute>"; };
		E45BE9770E8CC7DD009D7055 /* CoreServices.framework */ = {isa = PBXFileReference; lastKnownFileType = wrapper.framework; name = CoreServices.framework; path = /System/Library/Frameworks/CoreServices.framework; sourceTree = "<absolute>"; };
		E45BE9790E8CC7DD009D7055 /* OpenGL.framework */ = {isa = PBXFileReference; lastKnownFileType = wrapper.framework; name = OpenGL.framework; path = /System/Library/Frameworks/OpenGL.framework; sourceTree = "<absolute>"; };
		E45BE97A0E8CC7DD009D7055 /* QuickTime.framework */ = {isa = PBXFileReference; lastKnownFileType = wrapper.framework; name = QuickTime.framework; path = /System/Library/Frameworks/QuickTime.framework; sourceTree = "<absolute>"; };
		E4B69B5B0A3A1756003C02F2 /* emptyExampleDebug.app */ = {isa = PBXFileReference; explicitFileType = wrapper.application; includeInIndex = 0; path = emptyExampleDebug.app; sourceTree = BUILT_PRODUCTS_DIR; };
		E4B69E1D0A3A1BDC003C02F2 /* main.cpp */ = {isa = PBXFileReference; fileEncoding = 30; lastKnownFileType = sourcecode.cpp.cpp; name = main.cpp; path = src/main.cpp; sourceTree = SOURCE_ROOT; };
		E4B69E1E0A3A1BDC003C02F2 /* testApp.cpp */ = {isa = PBXFileReference; explicitFileType = sourcecode.cpp.cpp; fileEncoding = 30; name = testApp.cpp; path = src/testApp.cpp; sourceTree = SOURCE_ROOT; };
		E4B69E1F0A3A1BDC003C02F2 /* testApp.h */ = {isa = PBXFileReference; fileEncoding = 30; lastKnownFileType = sourcecode.c.h; name = testApp.h; path = src/testApp.h; sourceTree = SOURCE_ROOT; };
		E4B6FCAD0C3E899E008CF71C /* openFrameworks-Info.plist */ = {isa = PBXFileReference; fileEncoding = 30; lastKnownFileType = text.plist.xml; path = "openFrameworks-Info.plist"; sourceTree = "<group>"; };
		E4C2421610CC549C004149E2 /* openFrameworksLib.xcodeproj */ = {isa = PBXFileReference; lastKnownFileType = "wrapper.pb-project"; name = openFrameworksLib.xcodeproj; path = ../../../libs/openFrameworksCompiled/project/osx/openFrameworksLib.xcodeproj; sourceTree = SOURCE_ROOT; };
		E4C2424410CC5A17004149E2 /* AppKit.framework */ = {isa = PBXFileReference; lastKnownFileType = wrapper.framework; name = AppKit.framework; path = /System/Library/Frameworks/AppKit.framework; sourceTree = "<absolute>"; };
		E4C2424510CC5A17004149E2 /* Cocoa.framework */ = {isa = PBXFileReference; lastKnownFileType = wrapper.framework; name = Cocoa.framework; path = /System/Library/Frameworks/Cocoa.framework; sourceTree = "<absolute>"; };
		E4C2424610CC5A17004149E2 /* IOKit.framework */ = {isa = PBXFileReference; lastKnownFileType = wrapper.framework; name = IOKit.framework; path = /System/Library/Frameworks/IOKit.framework; sourceTree = "<absolute>"; };
		E4C2425F10CC5A78004149E2 /* GLUT.framework */ = {isa = PBXFileReference; lastKnownFileType = wrapper.framework; name = GLUT.framework; path = ../../../libs/glut/lib/osx/GLUT.framework; sourceTree = SOURCE_ROOT; };
		E4C2427B10CC5B66004149E2 /* PocoFoundation.a */ = {isa = PBXFileReference; lastKnownFileType = archive.ar; name = PocoFoundation.a; path = ../../../libs/poco/lib/osx/PocoFoundation.a; sourceTree = SOURCE_ROOT; };
		E4C2427C10CC5B66004149E2 /* PocoNet.a */ = {isa = PBXFileReference; lastKnownFileType = archive.ar; name = PocoNet.a; path = ../../../libs/poco/lib/osx/PocoNet.a; sourceTree = SOURCE_ROOT; };
		E4C2427D10CC5B66004149E2 /* PocoUtil.a */ = {isa = PBXFileReference; lastKnownFileType = archive.ar; name = PocoUtil.a; path = ../../../libs/poco/lib/osx/PocoUtil.a; sourceTree = SOURCE_ROOT; };
		E4C2427E10CC5B66004149E2 /* PocoXML.a */ = {isa = PBXFileReference; lastKnownFileType = archive.ar; name = PocoXML.a; path = ../../../libs/poco/lib/osx/PocoXML.a; sourceTree = SOURCE_ROOT; };
		E4C2429310CC5C38004149E2 /* freetype.a */ = {isa = PBXFileReference; lastKnownFileType = archive.ar; name = freetype.a; path = ../../../libs/freetype/lib/osx/freetype.a; sourceTree = SOURCE_ROOT; };
		E4C242CC10CC650E004149E2 /* libfmodex.dylib */ = {isa = PBXFileReference; lastKnownFileType = "compiled.mach-o.dylib"; name = libfmodex.dylib; path = ../../../libs/fmodex/lib/osx/libfmodex.dylib; sourceTree = SOURCE_ROOT; };
		E4C246D910CCAE22004149E2 /* freeimage.a */ = {isa = PBXFileReference; lastKnownFileType = archive.ar; name = freeimage.a; path = ../../../libs/FreeImage/lib/osx/freeimage.a; sourceTree = SOURCE_ROOT; };
/* End PBXFileReference section */

/* Begin PBXFrameworksBuildPhase section */
		E4B69B590A3A1756003C02F2 /* Frameworks */ = {
			isa = PBXFrameworksBuildPhase;
			buildActionMask = 2147483647;
			files = (
				E4C2422B10CC554B004149E2 /* openFrameworksDebug.a in Frameworks */,
				E45BE2E40E8CC69C009D7055 /* rtAudio.a in Frameworks */,
				E45BE97B0E8CC7DD009D7055 /* AGL.framework in Frameworks */,
				E45BE97C0E8CC7DD009D7055 /* ApplicationServices.framework in Frameworks */,
				E45BE97D0E8CC7DD009D7055 /* AudioToolbox.framework in Frameworks */,
				E45BE97E0E8CC7DD009D7055 /* Carbon.framework in Frameworks */,
				E45BE97F0E8CC7DD009D7055 /* CoreAudio.framework in Frameworks */,
				E45BE9800E8CC7DD009D7055 /* CoreFoundation.framework in Frameworks */,
				E45BE9810E8CC7DD009D7055 /* CoreServices.framework in Frameworks */,
				E45BE9830E8CC7DD009D7055 /* OpenGL.framework in Frameworks */,
				E45BE9840E8CC7DD009D7055 /* QuickTime.framework in Frameworks */,
				E4C2424710CC5A17004149E2 /* AppKit.framework in Frameworks */,
				E4C2424810CC5A17004149E2 /* Cocoa.framework in Frameworks */,
				E4C2424910CC5A17004149E2 /* IOKit.framework in Frameworks */,
				E4C2426610CC5A78004149E2 /* GLUT.framework in Frameworks */,
				E4C2428010CC5B66004149E2 /* PocoFoundation.a in Frameworks */,
				E4C2428110CC5B66004149E2 /* PocoNet.a in Frameworks */,
				E4C2428210CC5B66004149E2 /* PocoUtil.a in Frameworks */,
				E4C2428310CC5B66004149E2 /* PocoXML.a in Frameworks */,
				E4C2429410CC5C38004149E2 /* freetype.a in Frameworks */,
				E4C242CD10CC650E004149E2 /* libfmodex.dylib in Frameworks */,
				E4C246DA10CCAE22004149E2 /* freeimage.a in Frameworks */,
				8E76961014389D160004AF62 /* glew.a in Frameworks */,
				8E76961914389EB10004AF62 /* tess2.a in Frameworks */,
				8E76963914389FAA0004AF62 /* cairo-script-interpreter.a in Frameworks */,
				8E76963A14389FAA0004AF62 /* cairo.a in Frameworks */,
				8E76963B14389FAA0004AF62 /* pixman-1.a in Frameworks */,
				8E7696F41438A1B60004AF62 /* osc.a in Frameworks */,
			);
			runOnlyForDeploymentPostprocessing = 0;
		};
/* End PBXFrameworksBuildPhase section */

/* Begin PBXGroup section */
		019C3E411372BEF900FFBD84 /* ofxXmlSettings */ = {
			isa = PBXGroup;
			children = (
				019C3E421372BEF900FFBD84 /* install.xml */,
				019C3E431372BEF900FFBD84 /* libs */,
				019C3E481372BEF900FFBD84 /* src */,
			);
			name = ofxXmlSettings;
			path = ../../../addons/ofxXmlSettings;
			sourceTree = SOURCE_ROOT;
		};
		019C3E431372BEF900FFBD84 /* libs */ = {
			isa = PBXGroup;
			children = (
				019C3E441372BEF900FFBD84 /* tinyxml.cpp */,
				019C3E451372BEF900FFBD84 /* tinyxml.h */,
				019C3E461372BEF900FFBD84 /* tinyxmlerror.cpp */,
				019C3E471372BEF900FFBD84 /* tinyxmlparser.cpp */,
			);
			path = libs;
			sourceTree = "<group>";
		};
		019C3E481372BEF900FFBD84 /* src */ = {
			isa = PBXGroup;
			children = (
				019C3E491372BEF900FFBD84 /* ofxXmlSettings.cpp */,
				019C3E4A1372BEF900FFBD84 /* ofxXmlSettings.h */,
			);
			path = src;
			sourceTree = "<group>";
		};
		019C3E5A1372BEF900FFBD84 /* ofxMSAInteractiveObject */ = {
			isa = PBXGroup;
			children = (
				019C3E5B1372BEF900FFBD84 /* changelog.txt */,
				019C3E641372BEF900FFBD84 /* install.xml */,
				019C3E651372BEF900FFBD84 /* LICENSE.txt */,
				019C3E661372BEF900FFBD84 /* src */,
			);
			name = ofxMSAInteractiveObject;
			path = ../../../addons/msalibs/ofxMSAInteractiveObject;
			sourceTree = SOURCE_ROOT;
		};
		019C3E661372BEF900FFBD84 /* src */ = {
			isa = PBXGroup;
			children = (
				019C3E671372BEF900FFBD84 /* ofxMSAInteractiveObject.cpp */,
				019C3E681372BEF900FFBD84 /* ofxMSAInteractiveObject.h */,
			);
			path = src;
			sourceTree = "<group>";
		};
		019C3E701372BEF900FFBD84 /* ofxSimpleGuiToo */ = {
			isa = PBXGroup;
			children = (
				019C3E711372BEF900FFBD84 /* changelog.txt */,
				019C3E791372BEF900FFBD84 /* install.xml */,
				019C3E7A1372BEF900FFBD84 /* LICENSE.txt */,
				019C3E7B1372BEF900FFBD84 /* src */,
			);
			name = ofxSimpleGuiToo;
			path = ../../../addons/msalibs/ofxSimpleGuiToo;
			sourceTree = SOURCE_ROOT;
		};
		019C3E7B1372BEF900FFBD84 /* src */ = {
			isa = PBXGroup;
			children = (
				019C3E7C1372BEF900FFBD84 /* Controls */,
				019C3E941372BEF900FFBD84 /* ofxSimpleGuiConfig.cpp */,
				019C3E951372BEF900FFBD84 /* ofxSimpleGuiConfig.h */,
				019C3E961372BEF900FFBD84 /* ofxSimpleGuiControl.cpp */,
				019C3E971372BEF900FFBD84 /* ofxSimpleGuiControl.h */,
				019C3E981372BEF900FFBD84 /* ofxSimpleGuiIncludes.h */,
				019C3E991372BEF900FFBD84 /* ofxSimpleGuiPage.cpp */,
				019C3E9A1372BEF900FFBD84 /* ofxSimpleGuiPage.h */,
				019C3E9B1372BEF900FFBD84 /* ofxSimpleGuiToo.cpp */,
				019C3E9C1372BEF900FFBD84 /* ofxSimpleGuiToo.h */,
				019C3E9D1372BEF900FFBD84 /* ofxSimpleGuiValueControl.cpp */,
				019C3E9E1372BEF900FFBD84 /* ofxSimpleGuiValueControl.h */,
			);
			path = src;
			sourceTree = "<group>";
		};
		019C3E7C1372BEF900FFBD84 /* Controls */ = {
			isa = PBXGroup;
			children = (
				019C3E7D1372BEF900FFBD84 /* ofxSimpleGuiButton.cpp */,
				019C3E7E1372BEF900FFBD84 /* ofxSimpleGuiButton.h */,
				019C3E7F1372BEF900FFBD84 /* ofxSimpleGuiColorPicker.cpp */,
				019C3E801372BEF900FFBD84 /* ofxSimpleGuiColorPicker.h */,
				019C3E811372BEF900FFBD84 /* ofxSimpleGuiComboBox.cpp */,
				019C3E821372BEF900FFBD84 /* ofxSimpleGuiComboBox.h */,
				019C3E831372BEF900FFBD84 /* ofxSimpleGuiContent.cpp */,
				019C3E841372BEF900FFBD84 /* ofxSimpleGuiContent.h */,
				019C3E851372BEF900FFBD84 /* ofxSimpleGuiFPSCounter.cpp */,
				019C3E861372BEF900FFBD84 /* ofxSimpleGuiFPSCounter.h */,
				019C3E871372BEF900FFBD84 /* ofxSimpleGuiMovieSlider.cpp */,
				019C3E881372BEF900FFBD84 /* ofxSimpleGuiMovieSlider.h */,
				019C3E891372BEF900FFBD84 /* ofxSimpleGuiQuadWarp.cpp */,
				019C3E8A1372BEF900FFBD84 /* ofxSimpleGuiQuadWarp.h */,
				019C3E8B1372BEF900FFBD84 /* ofxSimpleGuiSlider2d.cpp */,
				019C3E8C1372BEF900FFBD84 /* ofxSimpleGuiSlider2d.h */,
				019C3E8D1372BEF900FFBD84 /* ofxSimpleGuiSliderBase.h */,
				019C3E8E1372BEF900FFBD84 /* ofxSimpleGuiSliderFloat.h */,
				019C3E8F1372BEF900FFBD84 /* ofxSimpleGuiSliderInt.h */,
				019C3E901372BEF900FFBD84 /* ofxSimpleGuiTitle.cpp */,
				019C3E911372BEF900FFBD84 /* ofxSimpleGuiTitle.h */,
				019C3E921372BEF900FFBD84 /* ofxSimpleGuiToggle.cpp */,
				019C3E931372BEF900FFBD84 /* ofxSimpleGuiToggle.h */,
			);
			path = Controls;
			sourceTree = "<group>";
		};
		8E76960714389D160004AF62 /* glew */ = {
			isa = PBXGroup;
			children = (
				8E76960814389D160004AF62 /* include */,
				8E76960D14389D160004AF62 /* lib */,
			);
			name = glew;
			path = ../../../libs/glew;
			sourceTree = SOURCE_ROOT;
		};
		8E76960814389D160004AF62 /* include */ = {
			isa = PBXGroup;
			children = (
				8E76960914389D160004AF62 /* GL */,
			);
			path = include;
			sourceTree = "<group>";
		};
		8E76960914389D160004AF62 /* GL */ = {
			isa = PBXGroup;
			children = (
				8E76960A14389D160004AF62 /* glew.h */,
				8E76960B14389D160004AF62 /* glxew.h */,
				8E76960C14389D160004AF62 /* wglew.h */,
			);
			path = GL;
			sourceTree = "<group>";
		};
		8E76960D14389D160004AF62 /* lib */ = {
			isa = PBXGroup;
			children = (
				8E76960E14389D160004AF62 /* osx */,
			);
			path = lib;
			sourceTree = "<group>";
		};
		8E76960E14389D160004AF62 /* osx */ = {
			isa = PBXGroup;
			children = (
				8E76960F14389D160004AF62 /* glew.a */,
			);
			path = osx;
			sourceTree = "<group>";
		};
		8E76961314389EB10004AF62 /* tess2 */ = {
			isa = PBXGroup;
			children = (
				8E76961414389EB10004AF62 /* include */,
				8E76961614389EB10004AF62 /* lib */,
			);
			name = tess2;
			path = ../../../libs/tess2;
			sourceTree = SOURCE_ROOT;
		};
		8E76961414389EB10004AF62 /* include */ = {
			isa = PBXGroup;
			children = (
				8E76961514389EB10004AF62 /* tesselator.h */,
			);
			path = include;
			sourceTree = "<group>";
		};
		8E76961614389EB10004AF62 /* lib */ = {
			isa = PBXGroup;
			children = (
				8E76961714389EB10004AF62 /* osx */,
			);
			path = lib;
			sourceTree = "<group>";
		};
		8E76961714389EB10004AF62 /* osx */ = {
			isa = PBXGroup;
			children = (
				8E76961814389EB10004AF62 /* tess2.a */,
			);
			path = osx;
			sourceTree = "<group>";
		};
		8E76961E14389FA90004AF62 /* cairo */ = {
			isa = PBXGroup;
			children = (
				8E76961F14389FA90004AF62 /* include */,
				8E76963414389FAA0004AF62 /* lib */,
			);
			name = cairo;
			path = ../../../libs/cairo;
			sourceTree = SOURCE_ROOT;
		};
		8E76961F14389FA90004AF62 /* include */ = {
			isa = PBXGroup;
			children = (
				8E76962014389FA90004AF62 /* cairo */,
				8E76962A14389FAA0004AF62 /* libpng15 */,
				8E76962E14389FAA0004AF62 /* pixman-1 */,
				8E76963114389FAA0004AF62 /* png.h */,
				8E76963214389FAA0004AF62 /* pngconf.h */,
				8E76963314389FAA0004AF62 /* pnglibconf.h */,
			);
			path = include;
			sourceTree = "<group>";
		};
		8E76962014389FA90004AF62 /* cairo */ = {
			isa = PBXGroup;
			children = (
				8E76962114389FA90004AF62 /* cairo-deprecated.h */,
				8E76962214389FA90004AF62 /* cairo-features.h */,
				8E76962314389FA90004AF62 /* cairo-pdf.h */,
				8E76962414389FAA0004AF62 /* cairo-ps.h */,
				8E76962514389FAA0004AF62 /* cairo-quartz.h */,
				8E76962614389FAA0004AF62 /* cairo-script-interpreter.h */,
				8E76962714389FAA0004AF62 /* cairo-svg.h */,
				8E76962814389FAA0004AF62 /* cairo-version.h */,
				8E76962914389FAA0004AF62 /* cairo.h */,
			);
			path = cairo;
			sourceTree = "<group>";
		};
		8E76962A14389FAA0004AF62 /* libpng15 */ = {
			isa = PBXGroup;
			children = (
				8E76962B14389FAA0004AF62 /* png.h */,
				8E76962C14389FAA0004AF62 /* pngconf.h */,
				8E76962D14389FAA0004AF62 /* pnglibconf.h */,
			);
			path = libpng15;
			sourceTree = "<group>";
		};
		8E76962E14389FAA0004AF62 /* pixman-1 */ = {
			isa = PBXGroup;
			children = (
				8E76962F14389FAA0004AF62 /* pixman-version.h */,
				8E76963014389FAA0004AF62 /* pixman.h */,
			);
			path = "pixman-1";
			sourceTree = "<group>";
		};
		8E76963414389FAA0004AF62 /* lib */ = {
			isa = PBXGroup;
			children = (
				8E76963514389FAA0004AF62 /* osx */,
			);
			path = lib;
			sourceTree = "<group>";
		};
		8E76963514389FAA0004AF62 /* osx */ = {
			isa = PBXGroup;
			children = (
				8E76963614389FAA0004AF62 /* cairo-script-interpreter.a */,
				8E76963714389FAA0004AF62 /* cairo.a */,
				8E76963814389FAA0004AF62 /* pixman-1.a */,
			);
			path = osx;
			sourceTree = "<group>";
		};
		8E76963F1438A1160004AF62 /* ofxMostPixelsEver */ = {
			isa = PBXGroup;
			children = (
				8E7696861438A1160004AF62 /* src */,
			);
			name = ofxMostPixelsEver;
			path = ../../../addons/ofxMostPixelsEver;
			sourceTree = SOURCE_ROOT;
		};
		8E7696861438A1160004AF62 /* src */ = {
			isa = PBXGroup;
			children = (
				8E7696871438A1160004AF62 /* mpeClientTCP.cpp */,
				8E7696881438A1160004AF62 /* mpeClientTCP.h */,
				8E7696891438A1160004AF62 /* mpeEvents.cpp */,
				8E76968A1438A1160004AF62 /* mpeEvents.h */,
				8E76968B1438A1160004AF62 /* mpeServerTCP.cpp */,
				8E76968C1438A1160004AF62 /* mpeServerTCP.h */,
				8E76968D1438A1160004AF62 /* ofxMostPixelsEver.h */,
			);
			path = src;
			sourceTree = "<group>";
		};
		8E7696BB1438A1600004AF62 /* ofxNetwork */ = {
			isa = PBXGroup;
			children = (
				8E7696BC1438A1600004AF62 /* docs */,
				8E7696BE1438A1600004AF62 /* install.xml */,
				8E7696BF1438A1600004AF62 /* src */,
			);
			name = ofxNetwork;
			path = ../../../addons/ofxNetwork;
			sourceTree = SOURCE_ROOT;
		};
		8E7696BC1438A1600004AF62 /* docs */ = {
			isa = PBXGroup;
			children = (
				8E7696BD1438A1600004AF62 /* Instructions.txt */,
			);
			path = docs;
			sourceTree = "<group>";
		};
		8E7696BF1438A1600004AF62 /* src */ = {
			isa = PBXGroup;
			children = (
				8E7696C01438A1600004AF62 /* ofxNetwork.h */,
				8E7696C11438A1600004AF62 /* ofxNetworkUtils.h */,
				8E7696C21438A1600004AF62 /* ofxTCPClient.cpp */,
				8E7696C31438A1600004AF62 /* ofxTCPClient.h */,
				8E7696C41438A1600004AF62 /* ofxTCPManager.cpp */,
				8E7696C51438A1600004AF62 /* ofxTCPManager.h */,
				8E7696C61438A1600004AF62 /* ofxTCPServer.cpp */,
				8E7696C71438A1600004AF62 /* ofxTCPServer.h */,
				8E7696C81438A1600004AF62 /* ofxUDPManager.cpp */,
				8E7696C91438A1600004AF62 /* ofxUDPManager.h */,
			);
			path = src;
			sourceTree = "<group>";
		};
		8E7696D21438A1B60004AF62 /* ofxOsc */ = {
			isa = PBXGroup;
			children = (
				8E7696D31438A1B60004AF62 /* install.xml */,
				8E7696D41438A1B60004AF62 /* libs */,
				8E7696E91438A1B60004AF62 /* src */,
			);
			name = ofxOsc;
			path = ../../../addons/ofxOsc;
			sourceTree = SOURCE_ROOT;
		};
		8E7696D41438A1B60004AF62 /* libs */ = {
			isa = PBXGroup;
			children = (
				8E7696D51438A1B60004AF62 /* oscpack */,
			);
			path = libs;
			sourceTree = "<group>";
		};
		8E7696D51438A1B60004AF62 /* oscpack */ = {
			isa = PBXGroup;
			children = (
				8E7696D61438A1B60004AF62 /* include */,
				8E7696E61438A1B60004AF62 /* lib */,
			);
			path = oscpack;
			sourceTree = "<group>";
		};
		8E7696D61438A1B60004AF62 /* include */ = {
			isa = PBXGroup;
			children = (
				8E7696D71438A1B60004AF62 /* ip */,
				8E7696DD1438A1B60004AF62 /* osc */,
			);
			path = include;
			sourceTree = "<group>";
		};
		8E7696D71438A1B60004AF62 /* ip */ = {
			isa = PBXGroup;
			children = (
				8E7696D81438A1B60004AF62 /* IpEndpointName.h */,
				8E7696D91438A1B60004AF62 /* NetworkingUtils.h */,
				8E7696DA1438A1B60004AF62 /* PacketListener.h */,
				8E7696DB1438A1B60004AF62 /* TimerListener.h */,
				8E7696DC1438A1B60004AF62 /* UdpSocket.h */,
			);
			path = ip;
			sourceTree = "<group>";
		};
		8E7696DD1438A1B60004AF62 /* osc */ = {
			isa = PBXGroup;
			children = (
				8E7696DE1438A1B60004AF62 /* MessageMappingOscPacketListener.h */,
				8E7696DF1438A1B60004AF62 /* OscException.h */,
				8E7696E01438A1B60004AF62 /* OscHostEndianness.h */,
				8E7696E11438A1B60004AF62 /* OscOutboundPacketStream.h */,
				8E7696E21438A1B60004AF62 /* OscPacketListener.h */,
				8E7696E31438A1B60004AF62 /* OscPrintReceivedElements.h */,
				8E7696E41438A1B60004AF62 /* OscReceivedElements.h */,
				8E7696E51438A1B60004AF62 /* OscTypes.h */,
			);
			path = osc;
			sourceTree = "<group>";
		};
		8E7696E61438A1B60004AF62 /* lib */ = {
			isa = PBXGroup;
			children = (
				8E7696E71438A1B60004AF62 /* osx */,
			);
			path = lib;
			sourceTree = "<group>";
		};
		8E7696E71438A1B60004AF62 /* osx */ = {
			isa = PBXGroup;
			children = (
				8E7696E81438A1B60004AF62 /* osc.a */,
			);
			path = osx;
			sourceTree = "<group>";
		};
		8E7696E91438A1B60004AF62 /* src */ = {
			isa = PBXGroup;
			children = (
				8E7696EA1438A1B60004AF62 /* ofxOsc.h */,
				8E7696EB1438A1B60004AF62 /* ofxOscArg.h */,
				8E7696EC1438A1B60004AF62 /* ofxOscBundle.cpp */,
				8E7696ED1438A1B60004AF62 /* ofxOscBundle.h */,
				8E7696EE1438A1B60004AF62 /* ofxOscMessage.cpp */,
				8E7696EF1438A1B60004AF62 /* ofxOscMessage.h */,
				8E7696F01438A1B60004AF62 /* ofxOscReceiver.cpp */,
				8E7696F11438A1B60004AF62 /* ofxOscReceiver.h */,
				8E7696F21438A1B60004AF62 /* ofxOscSender.cpp */,
				8E7696F31438A1B60004AF62 /* ofxOscSender.h */,
			);
			path = src;
			sourceTree = "<group>";
		};
		BB4B014C10F69532006C3DED /* addons */ = {
			isa = PBXGroup;
			children = (
				8E7696D21438A1B60004AF62 /* ofxOsc */,
				8E7696BB1438A1600004AF62 /* ofxNetwork */,
				8E76963F1438A1160004AF62 /* ofxMostPixelsEver */,
				019C3E701372BEF900FFBD84 /* ofxSimpleGuiToo */,
				019C3E5A1372BEF900FFBD84 /* ofxMSAInteractiveObject */,
				019C3E411372BEF900FFBD84 /* ofxXmlSettings */,
			);
			name = addons;
			sourceTree = "<group>";
		};
		E45BE0360E8CC5DE009D7055 /* libs */ = {
			isa = PBXGroup;
			children = (
				E45BEED60E8CCB34009D7055 /* core */,
			);
			name = libs;
			sourceTree = "<group>";
		};
		E45BE0370E8CC647009D7055 /* freeimage */ = {
			isa = PBXGroup;
			children = (
				E4C246D810CCAE22004149E2 /* osx */,
				E45BE0380E8CC647009D7055 /* include */,
			);
			name = freeimage;
			path = ../../../libs/freeimage;
			sourceTree = SOURCE_ROOT;
		};
		E45BE0380E8CC647009D7055 /* include */ = {
			isa = PBXGroup;
			children = (
				E45BE0390E8CC647009D7055 /* FreeImage.h */,
			);
			name = include;
			path = ../../../libs/freeimage/include;
			sourceTree = SOURCE_ROOT;
		};
		E45BE03D0E8CC650009D7055 /* fmodex */ = {
			isa = PBXGroup;
			children = (
				E45BE03E0E8CC650009D7055 /* inc */,
				E4C2428E10CC5C18004149E2 /* osx */,
			);
			name = fmodex;
			path = ../../../libs/fmodex;
			sourceTree = SOURCE_ROOT;
		};
		E45BE03E0E8CC650009D7055 /* inc */ = {
			isa = PBXGroup;
			children = (
				E45BE03F0E8CC650009D7055 /* fmod.h */,
				E45BE0400E8CC650009D7055 /* fmod.hpp */,
				E45BE0410E8CC650009D7055 /* fmod_codec.h */,
				E45BE0420E8CC650009D7055 /* fmod_dsp.h */,
				E45BE0430E8CC650009D7055 /* fmod_errors.h */,
				E45BE0440E8CC650009D7055 /* fmod_output.h */,
			);
			name = inc;
			path = ../../../libs/fmodex/include;
			sourceTree = SOURCE_ROOT;
		};
		E45BE0480E8CC657009D7055 /* core libraries */ = {
			isa = PBXGroup;
			children = (
				8E76961E14389FA90004AF62 /* cairo */,
				8E76961314389EB10004AF62 /* tess2 */,
				8E76960714389D160004AF62 /* glew */,
				E4C2425B10CC5A78004149E2 /* glut */,
				E45BEC7B0E8CC911009D7055 /* poco */,
				E45BE2D50E8CC69C009D7055 /* rtAudio */,
				E45BE0490E8CC676009D7055 /* freetype */,
				E45BE03D0E8CC650009D7055 /* fmodex */,
				E45BE0370E8CC647009D7055 /* freeimage */,
			);
			name = "core libraries";
			sourceTree = "<group>";
		};
		E45BE0490E8CC676009D7055 /* freetype */ = {
			isa = PBXGroup;
			children = (
				E4C2429210CC5C38004149E2 /* osx */,
			);
			name = freetype;
			path = ../../../libs/freetype;
			sourceTree = SOURCE_ROOT;
		};
		E45BE2D50E8CC69C009D7055 /* rtAudio */ = {
			isa = PBXGroup;
			children = (
				E45BE2D60E8CC69C009D7055 /* include */,
				E45BE2E20E8CC69C009D7055 /* lib */,
			);
			name = rtAudio;
			path = ../../../libs/rtAudio;
			sourceTree = SOURCE_ROOT;
		};
		E45BE2D60E8CC69C009D7055 /* include */ = {
			isa = PBXGroup;
			children = (
				E45BE2D70E8CC69C009D7055 /* asio */,
				E45BE2E00E8CC69C009D7055 /* RtAudio.h */,
				E45BE2E10E8CC69C009D7055 /* RtError.h */,
			);
			name = include;
			path = ../../../libs/rtAudio/include;
			sourceTree = SOURCE_ROOT;
		};
		E45BE2D70E8CC69C009D7055 /* asio */ = {
			isa = PBXGroup;
			children = (
			);
			name = asio;
			path = ../../../libs/rtAudio/include/asio;
			sourceTree = SOURCE_ROOT;
		};
		E45BE2E20E8CC69C009D7055 /* lib */ = {
			isa = PBXGroup;
			children = (
				E45BE2E30E8CC69C009D7055 /* rtAudio.a */,
			);
			name = lib;
			path = ../../../libs/rtAudio/lib/osx;
			sourceTree = SOURCE_ROOT;
		};
		E45BE5980E8CC70C009D7055 /* core frameworks */ = {
			isa = PBXGroup;
			children = (
				E4C2424410CC5A17004149E2 /* AppKit.framework */,
				E4C2424510CC5A17004149E2 /* Cocoa.framework */,
				E4C2424610CC5A17004149E2 /* IOKit.framework */,
				E45BE9710E8CC7DD009D7055 /* AGL.framework */,
				E45BE9720E8CC7DD009D7055 /* ApplicationServices.framework */,
				E45BE9730E8CC7DD009D7055 /* AudioToolbox.framework */,
				E45BE9740E8CC7DD009D7055 /* Carbon.framework */,
				E45BE9750E8CC7DD009D7055 /* CoreAudio.framework */,
				E45BE9760E8CC7DD009D7055 /* CoreFoundation.framework */,
				E45BE9770E8CC7DD009D7055 /* CoreServices.framework */,
				E45BE9790E8CC7DD009D7055 /* OpenGL.framework */,
				E45BE97A0E8CC7DD009D7055 /* QuickTime.framework */,
			);
			name = "core frameworks";
			sourceTree = "<group>";
		};
		E45BEC7B0E8CC911009D7055 /* poco */ = {
			isa = PBXGroup;
			children = (
				E4C2427910CC5B66004149E2 /* osx */,
			);
			name = poco;
			path = ../../../libs/poco;
			sourceTree = SOURCE_ROOT;
		};
		E45BEED60E8CCB34009D7055 /* core */ = {
			isa = PBXGroup;
			children = (
				E45BE0480E8CC657009D7055 /* core libraries */,
				E45BE5980E8CC70C009D7055 /* core frameworks */,
			);
			name = core;
			sourceTree = "<group>";
		};
		E4B69B4A0A3A1720003C02F2 = {
			isa = PBXGroup;
			children = (
				E4B69B5B0A3A1756003C02F2 /* emptyExampleDebug.app */,
				E4B6FCAD0C3E899E008CF71C /* openFrameworks-Info.plist */,
				E4B69E1C0A3A1BDC003C02F2 /* src */,
				E4C2422310CC54B6004149E2 /* openFrameworks */,
				BB4B014C10F69532006C3DED /* addons */,
				E45BE0360E8CC5DE009D7055 /* libs */,
			);
			sourceTree = "<group>";
		};
		E4B69E1C0A3A1BDC003C02F2 /* src */ = {
			isa = PBXGroup;
			children = (
				019C3EB61372BEF900FFBD84 /* ball.h */,
				019C3EB71372BEF900FFBD84 /* quad.cpp */,
				019C3EB81372BEF900FFBD84 /* quad.h */,
				E4B69E1D0A3A1BDC003C02F2 /* main.cpp */,
				E4B69E1E0A3A1BDC003C02F2 /* testApp.cpp */,
				E4B69E1F0A3A1BDC003C02F2 /* testApp.h */,
			);
			path = src;
			sourceTree = SOURCE_ROOT;
		};
		E4C2421710CC549C004149E2 /* Products */ = {
			isa = PBXGroup;
			children = (
				E4C2421E10CC549C004149E2 /* openFrameworksDebug.a */,
			);
			name = Products;
			sourceTree = "<group>";
		};
		E4C2422310CC54B6004149E2 /* openFrameworks */ = {
			isa = PBXGroup;
			children = (
				E4C2421610CC549C004149E2 /* openFrameworksLib.xcodeproj */,
			);
			name = openFrameworks;
			sourceTree = "<group>";
		};
		E4C2425B10CC5A78004149E2 /* glut */ = {
			isa = PBXGroup;
			children = (
				E4C2425D10CC5A78004149E2 /* lib */,
			);
			name = glut;
			path = ../../../libs/glut;
			sourceTree = SOURCE_ROOT;
		};
		E4C2425D10CC5A78004149E2 /* lib */ = {
			isa = PBXGroup;
			children = (
				E4C2425E10CC5A78004149E2 /* osx */,
			);
			name = lib;
			path = ../../../libs/glut/lib;
			sourceTree = SOURCE_ROOT;
		};
		E4C2425E10CC5A78004149E2 /* osx */ = {
			isa = PBXGroup;
			children = (
				E4C2425F10CC5A78004149E2 /* GLUT.framework */,
			);
			name = osx;
			path = ../../../libs/glut/lib/osx;
			sourceTree = SOURCE_ROOT;
		};
		E4C2427910CC5B66004149E2 /* osx */ = {
			isa = PBXGroup;
			children = (
				E4C2427B10CC5B66004149E2 /* PocoFoundation.a */,
				E4C2427C10CC5B66004149E2 /* PocoNet.a */,
				E4C2427D10CC5B66004149E2 /* PocoUtil.a */,
				E4C2427E10CC5B66004149E2 /* PocoXML.a */,
			);
			name = osx;
			path = ../../../libs/poco/lib/osx;
			sourceTree = SOURCE_ROOT;
		};
		E4C2428E10CC5C18004149E2 /* osx */ = {
			isa = PBXGroup;
			children = (
				E4C242CC10CC650E004149E2 /* libfmodex.dylib */,
			);
			name = osx;
			path = ../../../libs/fmodex/lib/osx;
			sourceTree = SOURCE_ROOT;
		};
		E4C2429210CC5C38004149E2 /* osx */ = {
			isa = PBXGroup;
			children = (
				E4C2429310CC5C38004149E2 /* freetype.a */,
			);
			name = osx;
			path = ../../../libs/freetype/lib/osx;
			sourceTree = SOURCE_ROOT;
		};
		E4C246D810CCAE22004149E2 /* osx */ = {
			isa = PBXGroup;
			children = (
				E4C246D910CCAE22004149E2 /* freeimage.a */,
			);
			name = osx;
			path = ../../../libs/FreeImage/lib/osx;
			sourceTree = SOURCE_ROOT;
		};
/* End PBXGroup section */

/* Begin PBXNativeTarget section */
		E4B69B5A0A3A1756003C02F2 /* emptyExample */ = {
			isa = PBXNativeTarget;
			buildConfigurationList = E4B69B5F0A3A1757003C02F2 /* Build configuration list for PBXNativeTarget "emptyExample" */;
			buildPhases = (
				E4B69B580A3A1756003C02F2 /* Sources */,
				E4B69B590A3A1756003C02F2 /* Frameworks */,
				E4B6FFFD0C3F9AB9008CF71C /* ShellScript */,
				E4C2427710CC5ABF004149E2 /* CopyFiles */,
				E4C2444710CC769B004149E2 /* CopyFiles */,
			);
			buildRules = (
			);
			dependencies = (
				E4C2422810CC54DA004149E2 /* PBXTargetDependency */,
			);
			name = emptyExample;
			productName = myOFApp;
			productReference = E4B69B5B0A3A1756003C02F2 /* emptyExampleDebug.app */;
			productType = "com.apple.product-type.application";
		};
/* End PBXNativeTarget section */

/* Begin PBXProject section */
		E4B69B4C0A3A1720003C02F2 /* Project object */ = {
			isa = PBXProject;
			buildConfigurationList = E4B69B4D0A3A1720003C02F2 /* Build configuration list for PBXProject "ProjectionMapping" */;
			compatibilityVersion = "Xcode 2.4";
			developmentRegion = English;
			hasScannedForEncodings = 0;
			knownRegions = (
				English,
				Japanese,
				French,
				German,
			);
			mainGroup = E4B69B4A0A3A1720003C02F2;
			productRefGroup = E4B69B4A0A3A1720003C02F2;
			projectDirPath = "";
			projectReferences = (
				{
					ProductGroup = E4C2421710CC549C004149E2 /* Products */;
					ProjectRef = E4C2421610CC549C004149E2 /* openFrameworksLib.xcodeproj */;
				},
			);
			projectRoot = "";
			targets = (
				E4B69B5A0A3A1756003C02F2 /* emptyExample */,
			);
		};
/* End PBXProject section */

/* Begin PBXReferenceProxy section */
		E4C2421E10CC549C004149E2 /* openFrameworksDebug.a */ = {
			isa = PBXReferenceProxy;
			fileType = archive.ar;
			path = openFrameworksDebug.a;
			remoteRef = E4C2421D10CC549C004149E2 /* PBXContainerItemProxy */;
			sourceTree = BUILT_PRODUCTS_DIR;
		};
/* End PBXReferenceProxy section */

/* Begin PBXShellScriptBuildPhase section */
		E4B6FFFD0C3F9AB9008CF71C /* ShellScript */ = {
			isa = PBXShellScriptBuildPhase;
			buildActionMask = 2147483647;
			files = (
			);
			inputPaths = (
			);
			outputPaths = (
			);
			runOnlyForDeploymentPostprocessing = 0;
			shellPath = /bin/sh;
			shellScript = "cp -f ../../../libs/fmodex/lib/osx/libfmodex.dylib \"$TARGET_BUILD_DIR/$PRODUCT_NAME.app/Contents/MacOS/libfmodex.dylib\"\ninstall_name_tool -change ./libfmodex.dylib @executable_path/libfmodex.dylib \"$TARGET_BUILD_DIR/$PRODUCT_NAME.app/Contents/MacOS/$PRODUCT_NAME\" ";
		};
/* End PBXShellScriptBuildPhase section */

/* Begin PBXSourcesBuildPhase section */
		E4B69B580A3A1756003C02F2 /* Sources */ = {
			isa = PBXSourcesBuildPhase;
			buildActionMask = 2147483647;
			files = (
				E4B69E200A3A1BDC003C02F2 /* main.cpp in Sources */,
				E4B69E210A3A1BDC003C02F2 /* testApp.cpp in Sources */,
				019C3E4B1372BEF900FFBD84 /* tinyxml.cpp in Sources */,
				019C3E4C1372BEF900FFBD84 /* tinyxmlerror.cpp in Sources */,
				019C3E4D1372BEF900FFBD84 /* tinyxmlparser.cpp in Sources */,
				019C3E4E1372BEF900FFBD84 /* ofxXmlSettings.cpp in Sources */,
				019C3E6B1372BEF900FFBD84 /* ofxMSAInteractiveObject.cpp in Sources */,
				019C3EA11372BEF900FFBD84 /* ofxSimpleGuiButton.cpp in Sources */,
				019C3EA21372BEF900FFBD84 /* ofxSimpleGuiColorPicker.cpp in Sources */,
				019C3EA31372BEF900FFBD84 /* ofxSimpleGuiComboBox.cpp in Sources */,
				019C3EA41372BEF900FFBD84 /* ofxSimpleGuiContent.cpp in Sources */,
				019C3EA51372BEF900FFBD84 /* ofxSimpleGuiFPSCounter.cpp in Sources */,
				019C3EA61372BEF900FFBD84 /* ofxSimpleGuiMovieSlider.cpp in Sources */,
				019C3EA71372BEF900FFBD84 /* ofxSimpleGuiQuadWarp.cpp in Sources */,
				019C3EA81372BEF900FFBD84 /* ofxSimpleGuiSlider2d.cpp in Sources */,
				019C3EA91372BEF900FFBD84 /* ofxSimpleGuiTitle.cpp in Sources */,
				019C3EAA1372BEF900FFBD84 /* ofxSimpleGuiToggle.cpp in Sources */,
				019C3EAB1372BEF900FFBD84 /* ofxSimpleGuiConfig.cpp in Sources */,
				019C3EAC1372BEF900FFBD84 /* ofxSimpleGuiControl.cpp in Sources */,
				019C3EAD1372BEF900FFBD84 /* ofxSimpleGuiPage.cpp in Sources */,
				019C3EAE1372BEF900FFBD84 /* ofxSimpleGuiToo.cpp in Sources */,
				019C3EAF1372BEF900FFBD84 /* ofxSimpleGuiValueControl.cpp in Sources */,
				019C3EB91372BEF900FFBD84 /* quad.cpp in Sources */,
				8E7696961438A1160004AF62 /* mpeClientTCP.cpp in Sources */,
				8E7696971438A1160004AF62 /* mpeEvents.cpp in Sources */,
				8E7696981438A1160004AF62 /* mpeServerTCP.cpp in Sources */,
				8E7696CA1438A1600004AF62 /* ofxTCPClient.cpp in Sources */,
				8E7696CB1438A1600004AF62 /* ofxTCPManager.cpp in Sources */,
				8E7696CC1438A1600004AF62 /* ofxTCPServer.cpp in Sources */,
				8E7696CD1438A1600004AF62 /* ofxUDPManager.cpp in Sources */,
				8E7696F51438A1B60004AF62 /* ofxOscBundle.cpp in Sources */,
				8E7696F61438A1B60004AF62 /* ofxOscMessage.cpp in Sources */,
				8E7696F71438A1B60004AF62 /* ofxOscReceiver.cpp in Sources */,
				8E7696F81438A1B60004AF62 /* ofxOscSender.cpp in Sources */,
			);
			runOnlyForDeploymentPostprocessing = 0;
		};
/* End PBXSourcesBuildPhase section */

/* Begin PBXTargetDependency section */
		E4C2422810CC54DA004149E2 /* PBXTargetDependency */ = {
			isa = PBXTargetDependency;
			name = openFrameworks;
			targetProxy = E4C2422710CC54DA004149E2 /* PBXContainerItemProxy */;
		};
/* End PBXTargetDependency section */

/* Begin XCBuildConfiguration section */
		E4B27CA010CBF8A600536013 /* ReleaseUniversal */ = {
			isa = XCBuildConfiguration;
			buildSettings = {
				ARCHS = (
					ppc,
					i386,
				);
				CONFIGURATION_BUILD_DIR = "$(SRCROOT)/bin/";
				COPY_PHASE_STRIP = YES;
				DEAD_CODE_STRIPPING = YES;
				GCC_AUTO_VECTORIZATION = YES;
				GCC_ENABLE_SSE3_EXTENSIONS = YES;
				GCC_ENABLE_SUPPLEMENTAL_SSE3_INSTRUCTIONS = YES;
				GCC_INLINES_ARE_PRIVATE_EXTERN = NO;
				GCC_MODEL_TUNING = G5;
				GCC_OPTIMIZATION_LEVEL = 3;
				GCC_SYMBOLS_PRIVATE_EXTERN = NO;
				GCC_UNROLL_LOOPS = YES;
				GCC_WARN_ABOUT_DEPRECATED_FUNCTIONS = NO;
				GCC_WARN_ABOUT_INVALID_OFFSETOF_MACRO = NO;
				GCC_WARN_ALLOW_INCOMPLETE_PROTOCOL = NO;
				GCC_WARN_UNINITIALIZED_AUTOS = NO;
				GCC_WARN_UNUSED_VALUE = NO;
				GCC_WARN_UNUSED_VARIABLE = NO;
				HEADER_SEARCH_PATHS = (
					"../../../libs/openFrameworks/**",
					../../../libs/freetype/include/,
					../../../libs/freetype/include/freetype2,
					../../../libs/poco/include,
					../../../addons/,
				);
				OTHER_CPLUSPLUSFLAGS = (
					"-D__MACOSX_CORE__",
					"-lpthread",
				);
				OTHER_LDFLAGS = "";
			};
			name = ReleaseUniversal;
		};
		E4B27CA110CBF8A600536013 /* ReleaseUniversal */ = {
			isa = XCBuildConfiguration;
			buildSettings = {
				COPY_PHASE_STRIP = YES;
				FRAMEWORK_SEARCH_PATHS = (
					"$(inherited)",
					"$(FRAMEWORK_SEARCH_PATHS_QUOTED_FOR_TARGET_1)",
				);
				FRAMEWORK_SEARCH_PATHS_QUOTED_FOR_TARGET_1 = "\"$(SRCROOT)/../../../libs/glut/lib/osx\"";
				GCC_ENABLE_FIX_AND_CONTINUE = NO;
				GCC_GENERATE_DEBUGGING_SYMBOLS = NO;
				GCC_MODEL_TUNING = G4;
				GCC_PRECOMPILE_PREFIX_HEADER = YES;
				GCC_PREFIX_HEADER = "$(SYSTEM_LIBRARY_DIR)/Frameworks/Carbon.framework/Headers/Carbon.h";
				INFOPLIST_FILE = "openFrameworks-Info.plist";
				INSTALL_PATH = "$(HOME)/Applications";
				LIBRARY_SEARCH_PATHS = (
					"$(inherited)",
					"$(LIBRARY_SEARCH_PATHS_QUOTED_FOR_TARGET_1)",
					"$(LIBRARY_SEARCH_PATHS_QUOTED_FOR_TARGET_2)",
					"$(LIBRARY_SEARCH_PATHS_QUOTED_FOR_TARGET_3)",
					"$(LIBRARY_SEARCH_PATHS_QUOTED_FOR_TARGET_4)",
					"$(LIBRARY_SEARCH_PATHS_QUOTED_FOR_TARGET_5)",
					"$(LIBRARY_SEARCH_PATHS_QUOTED_FOR_TARGET_6)",
					"$(LIBRARY_SEARCH_PATHS_QUOTED_FOR_TARGET_7)",
					"$(LIBRARY_SEARCH_PATHS_QUOTED_FOR_TARGET_8)",
					"$(LIBRARY_SEARCH_PATHS_QUOTED_FOR_TARGET_9)",
					"$(LIBRARY_SEARCH_PATHS_QUOTED_FOR_TARGET_10)",
					"$(LIBRARY_SEARCH_PATHS_QUOTED_FOR_TARGET_11)",
					"$(LIBRARY_SEARCH_PATHS_QUOTED_FOR_TARGET_12)",
					"$(LIBRARY_SEARCH_PATHS_QUOTED_FOR_TARGET_13)",
					"$(LIBRARY_SEARCH_PATHS_QUOTED_FOR_TARGET_14)",
					"$(LIBRARY_SEARCH_PATHS_QUOTED_FOR_TARGET_15)",
					"$(LIBRARY_SEARCH_PATHS_QUOTED_FOR_TARGET_2)",
					"$(LIBRARY_SEARCH_PATHS_QUOTED_1)",
					"$(LIBRARY_SEARCH_PATHS_QUOTED_2)",
					"$(LIBRARY_SEARCH_PATHS_QUOTED_3)",
					"$(LIBRARY_SEARCH_PATHS_QUOTED_4)",
				);
				LIBRARY_SEARCH_PATHS_QUOTED_1 = "\"$(SRCROOT)/../../../libs/glew/lib/osx\"";
				LIBRARY_SEARCH_PATHS_QUOTED_2 = "\"$(SRCROOT)/../../../libs/tess2/lib/osx\"";
				LIBRARY_SEARCH_PATHS_QUOTED_3 = "\"$(SRCROOT)/../../../libs/cairo/lib/osx\"";
				LIBRARY_SEARCH_PATHS_QUOTED_4 = "\"$(SRCROOT)/../../../addons/ofxOsc/libs/oscpack/lib/osx\"";
				LIBRARY_SEARCH_PATHS_QUOTED_FOR_TARGET_1 = "\"$(SRCROOT)/../../../libs/freeimage/lib/osx\"";
				LIBRARY_SEARCH_PATHS_QUOTED_FOR_TARGET_14 = "\"$(SRCROOT)/../../../libs/fmodex/lib/osx\"";
				LIBRARY_SEARCH_PATHS_QUOTED_FOR_TARGET_15 = "\"$(SRCROOT)/../../../libs/freetype/lib/osx\"";
				LIBRARY_SEARCH_PATHS_QUOTED_FOR_TARGET_2 = "\"$(SRCROOT)/../../../libs/FreeImage/lib/osx\"";
				LIBRARY_SEARCH_PATHS_QUOTED_FOR_TARGET_4 = "\"$(SRCROOT)/../../../libs/GLee/lib/osx\"";
				LIBRARY_SEARCH_PATHS_QUOTED_FOR_TARGET_5 = "\"$(SRCROOT)/../../../libs/poco/lib/osx\"";
				LIBRARY_SEARCH_PATHS_QUOTED_FOR_TARGET_6 = "\"$(SRCROOT)/../../../libs/rtAudio/lib/osx\"";
				PREBINDING = NO;
				PRODUCT_NAME = "$(TARGET_NAME)Universal";
				WRAPPER_EXTENSION = app;
				ZERO_LINK = NO;
			};
			name = ReleaseUniversal;
		};
		E4B69B4E0A3A1720003C02F2 /* Debug */ = {
			isa = XCBuildConfiguration;
			buildSettings = {
				ARCHS = "$(NATIVE_ARCH)";
				CONFIGURATION_BUILD_DIR = "$(SRCROOT)/bin/";
				COPY_PHASE_STRIP = NO;
				DEAD_CODE_STRIPPING = YES;
				GCC_AUTO_VECTORIZATION = YES;
				GCC_ENABLE_SSE3_EXTENSIONS = YES;
				GCC_ENABLE_SUPPLEMENTAL_SSE3_INSTRUCTIONS = YES;
				GCC_INLINES_ARE_PRIVATE_EXTERN = NO;
				GCC_MODEL_TUNING = G5;
				GCC_SYMBOLS_PRIVATE_EXTERN = NO;
				GCC_WARN_ABOUT_DEPRECATED_FUNCTIONS = NO;
				GCC_WARN_ABOUT_INVALID_OFFSETOF_MACRO = NO;
				GCC_WARN_ALLOW_INCOMPLETE_PROTOCOL = NO;
				GCC_WARN_UNINITIALIZED_AUTOS = NO;
				GCC_WARN_UNUSED_VALUE = NO;
				GCC_WARN_UNUSED_VARIABLE = NO;
				HEADER_SEARCH_PATHS = (
					"../../../libs/openFrameworks/**",
					../../../libs/glew/include/,
					../../../libs/freetype/include/,
					../../../libs/freetype/include/freetype2,
					../../../libs/poco/include,
					../../../addons/,
				);
				OTHER_CPLUSPLUSFLAGS = (
					"-D__MACOSX_CORE__",
					"-lpthread",
				);
				OTHER_LDFLAGS = "";
			};
			name = Debug;
		};
		E4B69B4F0A3A1720003C02F2 /* Release */ = {
			isa = XCBuildConfiguration;
			buildSettings = {
				ARCHS = "$(NATIVE_ARCH)";
				CONFIGURATION_BUILD_DIR = "$(SRCROOT)/bin/";
				COPY_PHASE_STRIP = YES;
				DEAD_CODE_STRIPPING = YES;
				GCC_AUTO_VECTORIZATION = YES;
				GCC_ENABLE_SSE3_EXTENSIONS = YES;
				GCC_ENABLE_SUPPLEMENTAL_SSE3_INSTRUCTIONS = YES;
				GCC_INLINES_ARE_PRIVATE_EXTERN = NO;
				GCC_MODEL_TUNING = G5;
				GCC_OPTIMIZATION_LEVEL = 3;
				GCC_SYMBOLS_PRIVATE_EXTERN = NO;
				GCC_UNROLL_LOOPS = YES;
				GCC_WARN_ABOUT_DEPRECATED_FUNCTIONS = NO;
				GCC_WARN_ABOUT_INVALID_OFFSETOF_MACRO = NO;
				GCC_WARN_ALLOW_INCOMPLETE_PROTOCOL = NO;
				GCC_WARN_UNINITIALIZED_AUTOS = NO;
				GCC_WARN_UNUSED_VALUE = NO;
				GCC_WARN_UNUSED_VARIABLE = NO;
				HEADER_SEARCH_PATHS = (
					"../../../libs/openFrameworks/**",
					../../../libs/freetype/include/,
					../../../libs/freetype/include/freetype2,
					../../../libs/poco/include,
					../../../addons/,
				);
				OTHER_CPLUSPLUSFLAGS = (
					"-D__MACOSX_CORE__",
					"-lpthread",
				);
				OTHER_LDFLAGS = "";
			};
			name = Release;
		};
		E4B69B600A3A1757003C02F2 /* Debug */ = {
			isa = XCBuildConfiguration;
			buildSettings = {
				COPY_PHASE_STRIP = NO;
				FRAMEWORK_SEARCH_PATHS = (
					"$(inherited)",
					"$(FRAMEWORK_SEARCH_PATHS_QUOTED_FOR_TARGET_1)",
				);
				FRAMEWORK_SEARCH_PATHS_QUOTED_FOR_TARGET_1 = "\"$(SRCROOT)/../../../libs/glut/lib/osx\"";
				GCC_DYNAMIC_NO_PIC = NO;
				GCC_ENABLE_FIX_AND_CONTINUE = YES;
				GCC_GENERATE_DEBUGGING_SYMBOLS = YES;
				GCC_MODEL_TUNING = G4;
				GCC_OPTIMIZATION_LEVEL = 0;
				GCC_PRECOMPILE_PREFIX_HEADER = YES;
				GCC_PREFIX_HEADER = "$(SYSTEM_LIBRARY_DIR)/Frameworks/Carbon.framework/Headers/Carbon.h";
				INFOPLIST_FILE = "openFrameworks-Info.plist";
				INSTALL_PATH = "$(HOME)/Applications";
				LIBRARY_SEARCH_PATHS = (
					"$(inherited)",
					"$(LIBRARY_SEARCH_PATHS_QUOTED_FOR_TARGET_1)",
					"$(LIBRARY_SEARCH_PATHS_QUOTED_FOR_TARGET_2)",
					"$(LIBRARY_SEARCH_PATHS_QUOTED_FOR_TARGET_3)",
					"$(LIBRARY_SEARCH_PATHS_QUOTED_FOR_TARGET_4)",
					"$(LIBRARY_SEARCH_PATHS_QUOTED_FOR_TARGET_5)",
					"$(LIBRARY_SEARCH_PATHS_QUOTED_FOR_TARGET_6)",
					"$(LIBRARY_SEARCH_PATHS_QUOTED_FOR_TARGET_7)",
					"$(LIBRARY_SEARCH_PATHS_QUOTED_FOR_TARGET_8)",
					"$(LIBRARY_SEARCH_PATHS_QUOTED_FOR_TARGET_9)",
					"$(LIBRARY_SEARCH_PATHS_QUOTED_FOR_TARGET_10)",
					"$(LIBRARY_SEARCH_PATHS_QUOTED_FOR_TARGET_11)",
					"$(LIBRARY_SEARCH_PATHS_QUOTED_FOR_TARGET_12)",
					"$(LIBRARY_SEARCH_PATHS_QUOTED_FOR_TARGET_13)",
					"$(LIBRARY_SEARCH_PATHS_QUOTED_FOR_TARGET_14)",
					"$(LIBRARY_SEARCH_PATHS_QUOTED_FOR_TARGET_15)",
					"$(LIBRARY_SEARCH_PATHS_QUOTED_FOR_TARGET_2)",
					"$(LIBRARY_SEARCH_PATHS_QUOTED_FOR_TARGET_3)",
					"$(LIBRARY_SEARCH_PATHS_QUOTED_FOR_TARGET_7)",
					"$(LIBRARY_SEARCH_PATHS_QUOTED_FOR_TARGET_8)",
					"$(LIBRARY_SEARCH_PATHS_QUOTED_FOR_TARGET_9)",
				);
				LIBRARY_SEARCH_PATHS_QUOTED_FOR_TARGET_1 = "\"$(SRCROOT)/../../../libs/freeimage/lib/osx\"";
				LIBRARY_SEARCH_PATHS_QUOTED_FOR_TARGET_14 = "\"$(SRCROOT)/../../../libs/fmodex/lib/osx\"";
				LIBRARY_SEARCH_PATHS_QUOTED_FOR_TARGET_15 = "\"$(SRCROOT)/../../../libs/freetype/lib/osx\"";
				LIBRARY_SEARCH_PATHS_QUOTED_FOR_TARGET_2 = "\"$(SRCROOT)/../../../libs/FreeImage/lib/osx\"";
				LIBRARY_SEARCH_PATHS_QUOTED_FOR_TARGET_3 = "\"$(SRCROOT)/../../../libs/glew/lib/osx\"";
				LIBRARY_SEARCH_PATHS_QUOTED_FOR_TARGET_4 = "\"$(SRCROOT)/../../../libs/GLee/lib/osx\"";
				LIBRARY_SEARCH_PATHS_QUOTED_FOR_TARGET_5 = "\"$(SRCROOT)/../../../libs/poco/lib/osx\"";
				LIBRARY_SEARCH_PATHS_QUOTED_FOR_TARGET_6 = "\"$(SRCROOT)/../../../libs/rtAudio/lib/osx\"";
				LIBRARY_SEARCH_PATHS_QUOTED_FOR_TARGET_7 = "\"$(SRCROOT)/../../../libs/tess2/lib/osx\"";
				LIBRARY_SEARCH_PATHS_QUOTED_FOR_TARGET_8 = "\"$(SRCROOT)/../../../libs/cairo/lib/osx\"";
				LIBRARY_SEARCH_PATHS_QUOTED_FOR_TARGET_9 = "\"$(SRCROOT)/../../../addons/ofxOsc/libs/oscpack/lib/osx\"";
				PREBINDING = NO;
				PRODUCT_NAME = "$(TARGET_NAME)Debug";
				WRAPPER_EXTENSION = app;
				ZERO_LINK = NO;
			};
			name = Debug;
		};
		E4B69B610A3A1757003C02F2 /* Release */ = {
			isa = XCBuildConfiguration;
			buildSettings = {
				COPY_PHASE_STRIP = YES;
				FRAMEWORK_SEARCH_PATHS = (
					"$(inherited)",
					"$(FRAMEWORK_SEARCH_PATHS_QUOTED_FOR_TARGET_1)",
				);
				FRAMEWORK_SEARCH_PATHS_QUOTED_FOR_TARGET_1 = "\"$(SRCROOT)/../../../libs/glut/lib/osx\"";
				GCC_ENABLE_FIX_AND_CONTINUE = NO;
				GCC_GENERATE_DEBUGGING_SYMBOLS = NO;
				GCC_MODEL_TUNING = G4;
				GCC_PRECOMPILE_PREFIX_HEADER = YES;
				GCC_PREFIX_HEADER = "$(SYSTEM_LIBRARY_DIR)/Frameworks/Carbon.framework/Headers/Carbon.h";
				INFOPLIST_FILE = "openFrameworks-Info.plist";
				INSTALL_PATH = "$(HOME)/Applications";
				LIBRARY_SEARCH_PATHS = (
					"$(inherited)",
					"$(LIBRARY_SEARCH_PATHS_QUOTED_FOR_TARGET_1)",
					"$(LIBRARY_SEARCH_PATHS_QUOTED_FOR_TARGET_2)",
					"$(LIBRARY_SEARCH_PATHS_QUOTED_FOR_TARGET_3)",
					"$(LIBRARY_SEARCH_PATHS_QUOTED_FOR_TARGET_4)",
					"$(LIBRARY_SEARCH_PATHS_QUOTED_FOR_TARGET_5)",
					"$(LIBRARY_SEARCH_PATHS_QUOTED_FOR_TARGET_6)",
					"$(LIBRARY_SEARCH_PATHS_QUOTED_FOR_TARGET_7)",
					"$(LIBRARY_SEARCH_PATHS_QUOTED_FOR_TARGET_8)",
					"$(LIBRARY_SEARCH_PATHS_QUOTED_FOR_TARGET_9)",
					"$(LIBRARY_SEARCH_PATHS_QUOTED_FOR_TARGET_10)",
					"$(LIBRARY_SEARCH_PATHS_QUOTED_FOR_TARGET_11)",
					"$(LIBRARY_SEARCH_PATHS_QUOTED_FOR_TARGET_12)",
					"$(LIBRARY_SEARCH_PATHS_QUOTED_FOR_TARGET_13)",
					"$(LIBRARY_SEARCH_PATHS_QUOTED_FOR_TARGET_14)",
					"$(LIBRARY_SEARCH_PATHS_QUOTED_FOR_TARGET_15)",
					"$(LIBRARY_SEARCH_PATHS_QUOTED_FOR_TARGET_2)",
					"$(LIBRARY_SEARCH_PATHS_QUOTED_1)",
					"$(LIBRARY_SEARCH_PATHS_QUOTED_2)",
					"$(LIBRARY_SEARCH_PATHS_QUOTED_3)",
					"$(LIBRARY_SEARCH_PATHS_QUOTED_4)",
				);
				LIBRARY_SEARCH_PATHS_QUOTED_1 = "\"$(SRCROOT)/../../../libs/glew/lib/osx\"";
				LIBRARY_SEARCH_PATHS_QUOTED_2 = "\"$(SRCROOT)/../../../libs/tess2/lib/osx\"";
				LIBRARY_SEARCH_PATHS_QUOTED_3 = "\"$(SRCROOT)/../../../libs/cairo/lib/osx\"";
				LIBRARY_SEARCH_PATHS_QUOTED_4 = "\"$(SRCROOT)/../../../addons/ofxOsc/libs/oscpack/lib/osx\"";
				LIBRARY_SEARCH_PATHS_QUOTED_FOR_TARGET_1 = "\"$(SRCROOT)/../../../libs/freeimage/lib/osx\"";
				LIBRARY_SEARCH_PATHS_QUOTED_FOR_TARGET_14 = "\"$(SRCROOT)/../../../libs/fmodex/lib/osx\"";
				LIBRARY_SEARCH_PATHS_QUOTED_FOR_TARGET_15 = "\"$(SRCROOT)/../../../libs/freetype/lib/osx\"";
				LIBRARY_SEARCH_PATHS_QUOTED_FOR_TARGET_2 = "\"$(SRCROOT)/../../../libs/FreeImage/lib/osx\"";
				LIBRARY_SEARCH_PATHS_QUOTED_FOR_TARGET_4 = "\"$(SRCROOT)/../../../libs/GLee/lib/osx\"";
				LIBRARY_SEARCH_PATHS_QUOTED_FOR_TARGET_5 = "\"$(SRCROOT)/../../../libs/poco/lib/osx\"";
				LIBRARY_SEARCH_PATHS_QUOTED_FOR_TARGET_6 = "\"$(SRCROOT)/../../../libs/rtAudio/lib/osx\"";
				PREBINDING = NO;
				PRODUCT_NAME = "$(TARGET_NAME)";
				WRAPPER_EXTENSION = app;
				ZERO_LINK = NO;
			};
			name = Release;
		};
/* End XCBuildConfiguration section */

/* Begin XCConfigurationList section */
		E4B69B4D0A3A1720003C02F2 /* Build configuration list for PBXProject "ProjectionMapping" */ = {
			isa = XCConfigurationList;
			buildConfigurations = (
				E4B69B4E0A3A1720003C02F2 /* Debug */,
				E4B69B4F0A3A1720003C02F2 /* Release */,
				E4B27CA010CBF8A600536013 /* ReleaseUniversal */,
			);
			defaultConfigurationIsVisible = 0;
			defaultConfigurationName = Release;
		};
		E4B69B5F0A3A1757003C02F2 /* Build configuration list for PBXNativeTarget "emptyExample" */ = {
			isa = XCConfigurationList;
			buildConfigurations = (
				E4B69B600A3A1757003C02F2 /* Debug */,
				E4B69B610A3A1757003C02F2 /* Release */,
				E4B27CA110CBF8A600536013 /* ReleaseUniversal */,
			);
			defaultConfigurationIsVisible = 0;
			defaultConfigurationName = Release;
		};
/* End XCConfigurationList section */
	};
	rootObject = E4B69B4C0A3A1720003C02F2 /* Project object */;
}

